// !$*UTF8*$!
{
	archiveVersion = 1;
	classes = {
	};
	objectVersion = 46;
	objects = {

/* Begin PBXBuildFile section */
		10FD4A9418D96F6C00FBD4B4 /* Foundation.framework in Frameworks */ = {isa = PBXBuildFile; fileRef = 10FD4A9318D96F6C00FBD4B4 /* Foundation.framework */; };
		10FD4A9618D96F6C00FBD4B4 /* CoreGraphics.framework in Frameworks */ = {isa = PBXBuildFile; fileRef = 10FD4A9518D96F6C00FBD4B4 /* CoreGraphics.framework */; };
		10FD4A9818D96F6C00FBD4B4 /* UIKit.framework in Frameworks */ = {isa = PBXBuildFile; fileRef = 10FD4A9718D96F6C00FBD4B4 /* UIKit.framework */; };
		10FD4A9E18D96F6C00FBD4B4 /* InfoPlist.strings in Resources */ = {isa = PBXBuildFile; fileRef = 10FD4A9C18D96F6C00FBD4B4 /* InfoPlist.strings */; };
		10FD4AA018D96F6C00FBD4B4 /* main.m in Sources */ = {isa = PBXBuildFile; fileRef = 10FD4A9F18D96F6C00FBD4B4 /* main.m */; };
		10FD4AA418D96F6C00FBD4B4 /* AppDelegate.m in Sources */ = {isa = PBXBuildFile; fileRef = 10FD4AA318D96F6C00FBD4B4 /* AppDelegate.m */; };
		10FD4AA618D96F6C00FBD4B4 /* Images.xcassets in Resources */ = {isa = PBXBuildFile; fileRef = 10FD4AA518D96F6C00FBD4B4 /* Images.xcassets */; };
		10FD4AAD18D96F6C00FBD4B4 /* XCTest.framework in Frameworks */ = {isa = PBXBuildFile; fileRef = 10FD4AAC18D96F6C00FBD4B4 /* XCTest.framework */; };
		10FD4AAE18D96F6C00FBD4B4 /* Foundation.framework in Frameworks */ = {isa = PBXBuildFile; fileRef = 10FD4A9318D96F6C00FBD4B4 /* Foundation.framework */; };
		10FD4AAF18D96F6C00FBD4B4 /* UIKit.framework in Frameworks */ = {isa = PBXBuildFile; fileRef = 10FD4A9718D96F6C00FBD4B4 /* UIKit.framework */; };
		10FD4AB718D96F6C00FBD4B4 /* InfoPlist.strings in Resources */ = {isa = PBXBuildFile; fileRef = 10FD4AB518D96F6C00FBD4B4 /* InfoPlist.strings */; };
		10FD4AB918D96F6C00FBD4B4 /* MapDemoTests.m in Sources */ = {isa = PBXBuildFile; fileRef = 10FD4AB818D96F6C00FBD4B4 /* MapDemoTests.m */; };
		10FD4AC418D96F7E00FBD4B4 /* NearShopVC.m in Sources */ = {isa = PBXBuildFile; fileRef = 10FD4AC318D96F7E00FBD4B4 /* NearShopVC.m */; };
		10FD4AC618D972DC00FBD4B4 /* MAMapKit.framework in Frameworks */ = {isa = PBXBuildFile; fileRef = 10FD4AC518D972DC00FBD4B4 /* MAMapKit.framework */; };
		10FD4AC818D972F200FBD4B4 /* QuartzCore.framework in Frameworks */ = {isa = PBXBuildFile; fileRef = 10FD4AC718D972F200FBD4B4 /* QuartzCore.framework */; };
		10FD4ACA18D972F800FBD4B4 /* CoreLocation.framework in Frameworks */ = {isa = PBXBuildFile; fileRef = 10FD4AC918D972F800FBD4B4 /* CoreLocation.framework */; };
		10FD4ACC18D9730200FBD4B4 /* SystemConfiguration.framework in Frameworks */ = {isa = PBXBuildFile; fileRef = 10FD4ACB18D9730200FBD4B4 /* SystemConfiguration.framework */; };
		10FD4ACE18D9730B00FBD4B4 /* CoreTelephony.framework in Frameworks */ = {isa = PBXBuildFile; fileRef = 10FD4ACD18D9730B00FBD4B4 /* CoreTelephony.framework */; };
		10FD4AD018D9731200FBD4B4 /* libz.dylib in Frameworks */ = {isa = PBXBuildFile; fileRef = 10FD4ACF18D9731200FBD4B4 /* libz.dylib */; };
		10FD4AD218D9732000FBD4B4 /* libstdc++.6.0.9.dylib in Frameworks */ = {isa = PBXBuildFile; fileRef = 10FD4AD118D9732000FBD4B4 /* libstdc++.6.0.9.dylib */; };
		10FD4AD418D9732700FBD4B4 /* Security.framework in Frameworks */ = {isa = PBXBuildFile; fileRef = 10FD4AD318D9732700FBD4B4 /* Security.framework */; };
		10FD4AD618D974AC00FBD4B4 /* AMap.bundle in Resources */ = {isa = PBXBuildFile; fileRef = 10FD4AD518D974AC00FBD4B4 /* AMap.bundle */; };
/* End PBXBuildFile section */

/* Begin PBXContainerItemProxy section */
		10FD4AB018D96F6C00FBD4B4 /* PBXContainerItemProxy */ = {
			isa = PBXContainerItemProxy;
			containerPortal = 10FD4A8818D96F6C00FBD4B4 /* Project object */;
			proxyType = 1;
			remoteGlobalIDString = 10FD4A8F18D96F6C00FBD4B4;
			remoteInfo = MapDemo;
		};
/* End PBXContainerItemProxy section */

/* Begin PBXFileReference section */
		10FD4A9018D96F6C00FBD4B4 /* MapDemo.app */ = {isa = PBXFileReference; explicitFileType = wrapper.application; includeInIndex = 0; path = MapDemo.app; sourceTree = BUILT_PRODUCTS_DIR; };
		10FD4A9318D96F6C00FBD4B4 /* Foundation.framework */ = {isa = PBXFileReference; lastKnownFileType = wrapper.framework; name = Foundation.framework; path = System/Library/Frameworks/Foundation.framework; sourceTree = SDKROOT; };
		10FD4A9518D96F6C00FBD4B4 /* CoreGraphics.framework */ = {isa = PBXFileReference; lastKnownFileType = wrapper.framework; name = CoreGraphics.framework; path = System/Library/Frameworks/CoreGraphics.framework; sourceTree = SDKROOT; };
		10FD4A9718D96F6C00FBD4B4 /* UIKit.framework */ = {isa = PBXFileReference; lastKnownFileType = wrapper.framework; name = UIKit.framework; path = System/Library/Frameworks/UIKit.framework; sourceTree = SDKROOT; };
		10FD4A9B18D96F6C00FBD4B4 /* MapDemo-Info.plist */ = {isa = PBXFileReference; lastKnownFileType = text.plist.xml; path = "MapDemo-Info.plist"; sourceTree = "<group>"; };
		10FD4A9D18D96F6C00FBD4B4 /* en */ = {isa = PBXFileReference; lastKnownFileType = text.plist.strings; name = en; path = en.lproj/InfoPlist.strings; sourceTree = "<group>"; };
		10FD4A9F18D96F6C00FBD4B4 /* main.m */ = {isa = PBXFileReference; lastKnownFileType = sourcecode.c.objc; path = main.m; sourceTree = "<group>"; };
		10FD4AA118D96F6C00FBD4B4 /* MapDemo-Prefix.pch */ = {isa = PBXFileReference; lastKnownFileType = sourcecode.c.h; path = "MapDemo-Prefix.pch"; sourceTree = "<group>"; };
		10FD4AA218D96F6C00FBD4B4 /* AppDelegate.h */ = {isa = PBXFileReference; lastKnownFileType = sourcecode.c.h; path = AppDelegate.h; sourceTree = "<group>"; };
		10FD4AA318D96F6C00FBD4B4 /* AppDelegate.m */ = {isa = PBXFileReference; lastKnownFileType = sourcecode.c.objc; path = AppDelegate.m; sourceTree = "<group>"; };
		10FD4AA518D96F6C00FBD4B4 /* Images.xcassets */ = {isa = PBXFileReference; lastKnownFileType = folder.assetcatalog; path = Images.xcassets; sourceTree = "<group>"; };
		10FD4AAB18D96F6C00FBD4B4 /* MapDemoTests.xctest */ = {isa = PBXFileReference; explicitFileType = wrapper.cfbundle; includeInIndex = 0; path = MapDemoTests.xctest; sourceTree = BUILT_PRODUCTS_DIR; };
		10FD4AAC18D96F6C00FBD4B4 /* XCTest.framework */ = {isa = PBXFileReference; lastKnownFileType = wrapper.framework; name = XCTest.framework; path = Library/Frameworks/XCTest.framework; sourceTree = DEVELOPER_DIR; };
		10FD4AB418D96F6C00FBD4B4 /* MapDemoTests-Info.plist */ = {isa = PBXFileReference; lastKnownFileType = text.plist.xml; path = "MapDemoTests-Info.plist"; sourceTree = "<group>"; };
		10FD4AB618D96F6C00FBD4B4 /* en */ = {isa = PBXFileReference; lastKnownFileType = text.plist.strings; name = en; path = en.lproj/InfoPlist.strings; sourceTree = "<group>"; };
		10FD4AB818D96F6C00FBD4B4 /* MapDemoTests.m */ = {isa = PBXFileReference; lastKnownFileType = sourcecode.c.objc; path = MapDemoTests.m; sourceTree = "<group>"; };
		10FD4AC218D96F7E00FBD4B4 /* NearShopVC.h */ = {isa = PBXFileReference; fileEncoding = 4; lastKnownFileType = sourcecode.c.h; path = NearShopVC.h; sourceTree = "<group>"; };
		10FD4AC318D96F7E00FBD4B4 /* NearShopVC.m */ = {isa = PBXFileReference; fileEncoding = 4; lastKnownFileType = sourcecode.c.objc; path = NearShopVC.m; sourceTree = "<group>"; };
		10FD4AC518D972DC00FBD4B4 /* MAMapKit.framework */ = {isa = PBXFileReference; lastKnownFileType = wrapper.framework; path = MAMapKit.framework; sourceTree = "<group>"; };
		10FD4AC718D972F200FBD4B4 /* QuartzCore.framework */ = {isa = PBXFileReference; lastKnownFileType = wrapper.framework; name = QuartzCore.framework; path = System/Library/Frameworks/QuartzCore.framework; sourceTree = SDKROOT; };
		10FD4AC918D972F800FBD4B4 /* CoreLocation.framework */ = {isa = PBXFileReference; lastKnownFileType = wrapper.framework; name = CoreLocation.framework; path = System/Library/Frameworks/CoreLocation.framework; sourceTree = SDKROOT; };
		10FD4ACB18D9730200FBD4B4 /* SystemConfiguration.framework */ = {isa = PBXFileReference; lastKnownFileType = wrapper.framework; name = SystemConfiguration.framework; path = System/Library/Frameworks/SystemConfiguration.framework; sourceTree = SDKROOT; };
		10FD4ACD18D9730B00FBD4B4 /* CoreTelephony.framework */ = {isa = PBXFileReference; lastKnownFileType = wrapper.framework; name = CoreTelephony.framework; path = System/Library/Frameworks/CoreTelephony.framework; sourceTree = SDKROOT; };
		10FD4ACF18D9731200FBD4B4 /* libz.dylib */ = {isa = PBXFileReference; lastKnownFileType = "compiled.mach-o.dylib"; name = libz.dylib; path = usr/lib/libz.dylib; sourceTree = SDKROOT; };
		10FD4AD118D9732000FBD4B4 /* libstdc++.6.0.9.dylib */ = {isa = PBXFileReference; lastKnownFileType = "compiled.mach-o.dylib"; name = "libstdc++.6.0.9.dylib"; path = "usr/lib/libstdc++.6.0.9.dylib"; sourceTree = SDKROOT; };
		10FD4AD318D9732700FBD4B4 /* Security.framework */ = {isa = PBXFileReference; lastKnownFileType = wrapper.framework; name = Security.framework; path = System/Library/Frameworks/Security.framework; sourceTree = SDKROOT; };
		10FD4AD518D974AC00FBD4B4 /* AMap.bundle */ = {isa = PBXFileReference; lastKnownFileType = "wrapper.plug-in"; name = AMap.bundle; path = ../../Amap/AMap_iOS_API_Lib_V2.2.0/2D/MAMapKit.framework/Versions/2.2.0.1512/Resources/AMap.bundle; sourceTree = "<group>"; };
/* End PBXFileReference section */

/* Begin PBXFrameworksBuildPhase section */
		10FD4A8D18D96F6C00FBD4B4 /* Frameworks */ = {
			isa = PBXFrameworksBuildPhase;
			buildActionMask = 2147483647;
			files = (
				10FD4AD418D9732700FBD4B4 /* Security.framework in Frameworks */,
				10FD4AD218D9732000FBD4B4 /* libstdc++.6.0.9.dylib in Frameworks */,
				10FD4AD018D9731200FBD4B4 /* libz.dylib in Frameworks */,
				10FD4ACE18D9730B00FBD4B4 /* CoreTelephony.framework in Frameworks */,
				10FD4ACC18D9730200FBD4B4 /* SystemConfiguration.framework in Frameworks */,
				10FD4ACA18D972F800FBD4B4 /* CoreLocation.framework in Frameworks */,
				10FD4AC818D972F200FBD4B4 /* QuartzCore.framework in Frameworks */,
				10FD4A9618D96F6C00FBD4B4 /* CoreGraphics.framework in Frameworks */,
				10FD4A9818D96F6C00FBD4B4 /* UIKit.framework in Frameworks */,
				10FD4AC618D972DC00FBD4B4 /* MAMapKit.framework in Frameworks */,
				10FD4A9418D96F6C00FBD4B4 /* Foundation.framework in Frameworks */,
			);
			runOnlyForDeploymentPostprocessing = 0;
		};
		10FD4AA818D96F6C00FBD4B4 /* Frameworks */ = {
			isa = PBXFrameworksBuildPhase;
			buildActionMask = 2147483647;
			files = (
				10FD4AAD18D96F6C00FBD4B4 /* XCTest.framework in Frameworks */,
				10FD4AAF18D96F6C00FBD4B4 /* UIKit.framework in Frameworks */,
				10FD4AAE18D96F6C00FBD4B4 /* Foundation.framework in Frameworks */,
			);
			runOnlyForDeploymentPostprocessing = 0;
		};
/* End PBXFrameworksBuildPhase section */

/* Begin PBXGroup section */
		10FD4A8718D96F6C00FBD4B4 = {
			isa = PBXGroup;
			children = (
				10FD4A9918D96F6C00FBD4B4 /* MapDemo */,
				10FD4AB218D96F6C00FBD4B4 /* MapDemoTests */,
				10FD4A9218D96F6C00FBD4B4 /* Frameworks */,
				10FD4A9118D96F6C00FBD4B4 /* Products */,
			);
			sourceTree = "<group>";
		};
		10FD4A9118D96F6C00FBD4B4 /* Products */ = {
			isa = PBXGroup;
			children = (
				10FD4A9018D96F6C00FBD4B4 /* MapDemo.app */,
				10FD4AAB18D96F6C00FBD4B4 /* MapDemoTests.xctest */,
			);
			name = Products;
			sourceTree = "<group>";
		};
		10FD4A9218D96F6C00FBD4B4 /* Frameworks */ = {
			isa = PBXGroup;
			children = (
				10FD4AD518D974AC00FBD4B4 /* AMap.bundle */,
				10FD4AD318D9732700FBD4B4 /* Security.framework */,
				10FD4AD118D9732000FBD4B4 /* libstdc++.6.0.9.dylib */,
				10FD4ACF18D9731200FBD4B4 /* libz.dylib */,
				10FD4ACD18D9730B00FBD4B4 /* CoreTelephony.framework */,
				10FD4ACB18D9730200FBD4B4 /* SystemConfiguration.framework */,
				10FD4AC918D972F800FBD4B4 /* CoreLocation.framework */,
				10FD4AC718D972F200FBD4B4 /* QuartzCore.framework */,
				10FD4AC518D972DC00FBD4B4 /* MAMapKit.framework */,
				10FD4A9318D96F6C00FBD4B4 /* Foundation.framework */,
				10FD4A9518D96F6C00FBD4B4 /* CoreGraphics.framework */,
				10FD4A9718D96F6C00FBD4B4 /* UIKit.framework */,
				10FD4AAC18D96F6C00FBD4B4 /* XCTest.framework */,
			);
			name = Frameworks;
			sourceTree = "<group>";
		};
		10FD4A9918D96F6C00FBD4B4 /* MapDemo */ = {
			isa = PBXGroup;
			children = (
				10FD4AC218D96F7E00FBD4B4 /* NearShopVC.h */,
				10FD4AC318D96F7E00FBD4B4 /* NearShopVC.m */,
				10FD4AA218D96F6C00FBD4B4 /* AppDelegate.h */,
				10FD4AA318D96F6C00FBD4B4 /* AppDelegate.m */,
				10FD4AA518D96F6C00FBD4B4 /* Images.xcassets */,
				10FD4A9A18D96F6C00FBD4B4 /* Supporting Files */,
			);
			path = MapDemo;
			sourceTree = "<group>";
		};
		10FD4A9A18D96F6C00FBD4B4 /* Supporting Files */ = {
			isa = PBXGroup;
			children = (
				10FD4A9B18D96F6C00FBD4B4 /* MapDemo-Info.plist */,
				10FD4A9C18D96F6C00FBD4B4 /* InfoPlist.strings */,
				10FD4A9F18D96F6C00FBD4B4 /* main.m */,
				10FD4AA118D96F6C00FBD4B4 /* MapDemo-Prefix.pch */,
			);
			name = "Supporting Files";
			sourceTree = "<group>";
		};
		10FD4AB218D96F6C00FBD4B4 /* MapDemoTests */ = {
			isa = PBXGroup;
			children = (
				10FD4AB818D96F6C00FBD4B4 /* MapDemoTests.m */,
				10FD4AB318D96F6C00FBD4B4 /* Supporting Files */,
			);
			path = MapDemoTests;
			sourceTree = "<group>";
		};
		10FD4AB318D96F6C00FBD4B4 /* Supporting Files */ = {
			isa = PBXGroup;
			children = (
				10FD4AB418D96F6C00FBD4B4 /* MapDemoTests-Info.plist */,
				10FD4AB518D96F6C00FBD4B4 /* InfoPlist.strings */,
			);
			name = "Supporting Files";
			sourceTree = "<group>";
		};
/* End PBXGroup section */

/* Begin PBXNativeTarget section */
		10FD4A8F18D96F6C00FBD4B4 /* MapDemo */ = {
			isa = PBXNativeTarget;
			buildConfigurationList = 10FD4ABC18D96F6C00FBD4B4 /* Build configuration list for PBXNativeTarget "MapDemo" */;
			buildPhases = (
				10FD4A8C18D96F6C00FBD4B4 /* Sources */,
				10FD4A8D18D96F6C00FBD4B4 /* Frameworks */,
				10FD4A8E18D96F6C00FBD4B4 /* Resources */,
			);
			buildRules = (
			);
			dependencies = (
			);
			name = MapDemo;
			productName = MapDemo;
			productReference = 10FD4A9018D96F6C00FBD4B4 /* MapDemo.app */;
			productType = "com.apple.product-type.application";
		};
		10FD4AAA18D96F6C00FBD4B4 /* MapDemoTests */ = {
			isa = PBXNativeTarget;
			buildConfigurationList = 10FD4ABF18D96F6C00FBD4B4 /* Build configuration list for PBXNativeTarget "MapDemoTests" */;
			buildPhases = (
				10FD4AA718D96F6C00FBD4B4 /* Sources */,
				10FD4AA818D96F6C00FBD4B4 /* Frameworks */,
				10FD4AA918D96F6C00FBD4B4 /* Resources */,
			);
			buildRules = (
			);
			dependencies = (
				10FD4AB118D96F6C00FBD4B4 /* PBXTargetDependency */,
			);
			name = MapDemoTests;
			productName = MapDemoTests;
			productReference = 10FD4AAB18D96F6C00FBD4B4 /* MapDemoTests.xctest */;
			productType = "com.apple.product-type.bundle.unit-test";
		};
/* End PBXNativeTarget section */

/* Begin PBXProject section */
		10FD4A8818D96F6C00FBD4B4 /* Project object */ = {
			isa = PBXProject;
			attributes = {
				LastUpgradeCheck = 0500;
				ORGANIZATIONNAME = NewWorld;
				TargetAttributes = {
					10FD4AAA18D96F6C00FBD4B4 = {
						TestTargetID = 10FD4A8F18D96F6C00FBD4B4;
					};
				};
			};
			buildConfigurationList = 10FD4A8B18D96F6C00FBD4B4 /* Build configuration list for PBXProject "MapDemo" */;
			compatibilityVersion = "Xcode 3.2";
			developmentRegion = English;
			hasScannedForEncodings = 0;
			knownRegions = (
				en,
			);
			mainGroup = 10FD4A8718D96F6C00FBD4B4;
			productRefGroup = 10FD4A9118D96F6C00FBD4B4 /* Products */;
			projectDirPath = "";
			projectRoot = "";
			targets = (
				10FD4A8F18D96F6C00FBD4B4 /* MapDemo */,
				10FD4AAA18D96F6C00FBD4B4 /* MapDemoTests */,
			);
		};
/* End PBXProject section */

/* Begin PBXResourcesBuildPhase section */
		10FD4A8E18D96F6C00FBD4B4 /* Resources */ = {
			isa = PBXResourcesBuildPhase;
			buildActionMask = 2147483647;
			files = (
				10FD4AD618D974AC00FBD4B4 /* AMap.bundle in Resources */,
				10FD4A9E18D96F6C00FBD4B4 /* InfoPlist.strings in Resources */,
				10FD4AA618D96F6C00FBD4B4 /* Images.xcassets in Resources */,
			);
			runOnlyForDeploymentPostprocessing = 0;
		};
		10FD4AA918D96F6C00FBD4B4 /* Resources */ = {
			isa = PBXResourcesBuildPhase;
			buildActionMask = 2147483647;
			files = (
				10FD4AB718D96F6C00FBD4B4 /* InfoPlist.strings in Resources */,
			);
			runOnlyForDeploymentPostprocessing = 0;
		};
/* End PBXResourcesBuildPhase section */

/* Begin PBXSourcesBuildPhase section */
		10FD4A8C18D96F6C00FBD4B4 /* Sources */ = {
			isa = PBXSourcesBuildPhase;
			buildActionMask = 2147483647;
			files = (
				10FD4AC418D96F7E00FBD4B4 /* NearShopVC.m in Sources */,
				10FD4AA418D96F6C00FBD4B4 /* AppDelegate.m in Sources */,
				10FD4AA018D96F6C00FBD4B4 /* main.m in Sources */,
			);
			runOnlyForDeploymentPostprocessing = 0;
		};
		10FD4AA718D96F6C00FBD4B4 /* Sources */ = {
			isa = PBXSourcesBuildPhase;
			buildActionMask = 2147483647;
			files = (
				10FD4AB918D96F6C00FBD4B4 /* MapDemoTests.m in Sources */,
			);
			runOnlyForDeploymentPostprocessing = 0;
		};
/* End PBXSourcesBuildPhase section */

/* Begin PBXTargetDependency section */
		10FD4AB118D96F6C00FBD4B4 /* PBXTargetDependency */ = {
			isa = PBXTargetDependency;
			target = 10FD4A8F18D96F6C00FBD4B4 /* MapDemo */;
			targetProxy = 10FD4AB018D96F6C00FBD4B4 /* PBXContainerItemProxy */;
		};
/* End PBXTargetDependency section */

/* Begin PBXVariantGroup section */
		10FD4A9C18D96F6C00FBD4B4 /* InfoPlist.strings */ = {
			isa = PBXVariantGroup;
			children = (
				10FD4A9D18D96F6C00FBD4B4 /* en */,
			);
			name = InfoPlist.strings;
			sourceTree = "<group>";
		};
		10FD4AB518D96F6C00FBD4B4 /* InfoPlist.strings */ = {
			isa = PBXVariantGroup;
			children = (
				10FD4AB618D96F6C00FBD4B4 /* en */,
			);
			name = InfoPlist.strings;
			sourceTree = "<group>";
		};
/* End PBXVariantGroup section */

/* Begin XCBuildConfiguration section */
		10FD4ABA18D96F6C00FBD4B4 /* Debug */ = {
			isa = XCBuildConfiguration;
			buildSettings = {
				ALWAYS_SEARCH_USER_PATHS = NO;
				ARCHS = "$(ARCHS_STANDARD_INCLUDING_64_BIT)";
				CLANG_CXX_LANGUAGE_STANDARD = "gnu++0x";
				CLANG_CXX_LIBRARY = "libc++";
				CLANG_ENABLE_MODULES = YES;
				CLANG_ENABLE_OBJC_ARC = YES;
				CLANG_WARN_BOOL_CONVERSION = YES;
				CLANG_WARN_CONSTANT_CONVERSION = YES;
				CLANG_WARN_DIRECT_OBJC_ISA_USAGE = YES_ERROR;
				CLANG_WARN_EMPTY_BODY = YES;
				CLANG_WARN_ENUM_CONVERSION = YES;
				CLANG_WARN_INT_CONVERSION = YES;
				CLANG_WARN_OBJC_ROOT_CLASS = YES_ERROR;
				CLANG_WARN__DUPLICATE_METHOD_MATCH = YES;
				"CODE_SIGN_IDENTITY[sdk=iphoneos*]" = "iPhone Developer";
				COPY_PHASE_STRIP = NO;
				GCC_C_LANGUAGE_STANDARD = gnu99;
				GCC_DYNAMIC_NO_PIC = NO;
				GCC_OPTIMIZATION_LEVEL = 0;
				GCC_PREPROCESSOR_DEFINITIONS = (
					"DEBUG=1",
					"$(inherited)",
				);
				GCC_SYMBOLS_PRIVATE_EXTERN = NO;
				GCC_WARN_64_TO_32_BIT_CONVERSION = YES;
				GCC_WARN_ABOUT_RETURN_TYPE = YES_ERROR;
				GCC_WARN_UNDECLARED_SELECTOR = YES;
				GCC_WARN_UNINITIALIZED_AUTOS = YES;
				GCC_WARN_UNUSED_FUNCTION = YES;
				GCC_WARN_UNUSED_VARIABLE = YES;
				IPHONEOS_DEPLOYMENT_TARGET = 7.0;
				ONLY_ACTIVE_ARCH = YES;
				SDKROOT = iphoneos;
				TARGETED_DEVICE_FAMILY = "1,2";
			};
			name = Debug;
		};
		10FD4ABB18D96F6C00FBD4B4 /* Release */ = {
			isa = XCBuildConfiguration;
			buildSettings = {
				ALWAYS_SEARCH_USER_PATHS = NO;
				ARCHS = "$(ARCHS_STANDARD_INCLUDING_64_BIT)";
				CLANG_CXX_LANGUAGE_STANDARD = "gnu++0x";
				CLANG_CXX_LIBRARY = "libc++";
				CLANG_ENABLE_MODULES = YES;
				CLANG_ENABLE_OBJC_ARC = YES;
				CLANG_WARN_BOOL_CONVERSION = YES;
				CLANG_WARN_CONSTANT_CONVERSION = YES;
				CLANG_WARN_DIRECT_OBJC_ISA_USAGE = YES_ERROR;
				CLANG_WARN_EMPTY_BODY = YES;
				CLANG_WARN_ENUM_CONVERSION = YES;
				CLANG_WARN_INT_CONVERSION = YES;
				CLANG_WARN_OBJC_ROOT_CLASS = YES_ERROR;
				CLANG_WARN__DUPLICATE_METHOD_MATCH = YES;
				"CODE_SIGN_IDENTITY[sdk=iphoneos*]" = "iPhone Developer";
				COPY_PHASE_STRIP = YES;
				ENABLE_NS_ASSERTIONS = NO;
				GCC_C_LANGUAGE_STANDARD = gnu99;
				GCC_WARN_64_TO_32_BIT_CONVERSION = YES;
				GCC_WARN_ABOUT_RETURN_TYPE = YES_ERROR;
				GCC_WARN_UNDECLARED_SELECTOR = YES;
				GCC_WARN_UNINITIALIZED_AUTOS = YES;
				GCC_WARN_UNUSED_FUNCTION = YES;
				GCC_WARN_UNUSED_VARIABLE = YES;
				IPHONEOS_DEPLOYMENT_TARGET = 7.0;
				SDKROOT = iphoneos;
				TARGETED_DEVICE_FAMILY = "1,2";
				VALIDATE_PRODUCT = YES;
			};
			name = Release;
		};
		10FD4ABD18D96F6C00FBD4B4 /* Debug */ = {
			isa = XCBuildConfiguration;
			buildSettings = {
				ASSETCATALOG_COMPILER_APPICON_NAME = AppIcon;
				ASSETCATALOG_COMPILER_LAUNCHIMAGE_NAME = LaunchImage;
				FRAMEWORK_SEARCH_PATHS = (
					"$(inherited)",
					/Users/ty/Desktop/Traveller/MapDemo,
				);
				GCC_PRECOMPILE_PREFIX_HEADER = YES;
				GCC_PREFIX_HEADER = "MapDemo/MapDemo-Prefix.pch";
				INFOPLIST_FILE = "MapDemo/MapDemo-Info.plist";
				OTHER_LDFLAGS = "-ObjC";
				PRODUCT_NAME = "$(TARGET_NAME)";
				WRAPPER_EXTENSION = app;
			};
			name = Debug;
		};
		10FD4ABE18D96F6C00FBD4B4 /* Release */ = {
			isa = XCBuildConfiguration;
			buildSettings = {
				ASSETCATALOG_COMPILER_APPICON_NAME = AppIcon;
				ASSETCATALOG_COMPILER_LAUNCHIMAGE_NAME = LaunchImage;
				FRAMEWORK_SEARCH_PATHS = (
					"$(inherited)",
					/Users/ty/Desktop/Traveller/MapDemo,
				);
				GCC_PRECOMPILE_PREFIX_HEADER = YES;
				GCC_PREFIX_HEADER = "MapDemo/MapDemo-Prefix.pch";
				INFOPLIST_FILE = "MapDemo/MapDemo-Info.plist";
				OTHER_LDFLAGS = "-ObjC";
				PRODUCT_NAME = "$(TARGET_NAME)";
				WRAPPER_EXTENSION = app;
			};
			name = Release;
		};
		10FD4AC018D96F6C00FBD4B4 /* Debug */ = {
			isa = XCBuildConfiguration;
			buildSettings = {
				ARCHS = "$(ARCHS_STANDARD_INCLUDING_64_BIT)";
				BUNDLE_LOADER = "$(BUILT_PRODUCTS_DIR)/MapDemo.app/MapDemo";
				FRAMEWORK_SEARCH_PATHS = (
					"$(SDKROOT)/Developer/Library/Frameworks",
					"$(inherited)",
					"$(DEVELOPER_FRAMEWORKS_DIR)",
				);
				GCC_PRECOMPILE_PREFIX_HEADER = YES;
				GCC_PREFIX_HEADER = "MapDemo/MapDemo-Prefix.pch";
				GCC_PREPROCESSOR_DEFINITIONS = (
					"DEBUG=1",
					"$(inherited)",
				);
				INFOPLIST_FILE = "MapDemoTests/MapDemoTests-Info.plist";
				PRODUCT_NAME = "$(TARGET_NAME)";
				TEST_HOST = "$(BUNDLE_LOADER)";
				WRAPPER_EXTENSION = xctest;
			};
			name = Debug;
		};
		10FD4AC118D96F6C00FBD4B4 /* Release */ = {
			isa = XCBuildConfiguration;
			buildSettings = {
				ARCHS = "$(ARCHS_STANDARD_INCLUDING_64_BIT)";
				BUNDLE_LOADER = "$(BUILT_PRODUCTS_DIR)/MapDemo.app/MapDemo";
				FRAMEWORK_SEARCH_PATHS = (
					"$(SDKROOT)/Developer/Library/Frameworks",
					"$(inherited)",
					"$(DEVELOPER_FRAMEWORKS_DIR)",
				);
				GCC_PRECOMPILE_PREFIX_HEADER = YES;
				GCC_PREFIX_HEADER = "MapDemo/MapDemo-Prefix.pch";
				INFOPLIST_FILE = "MapDemoTests/MapDemoTests-Info.plist";
				PRODUCT_NAME = "$(TARGET_NAME)";
				TEST_HOST = "$(BUNDLE_LOADER)";
				WRAPPER_EXTENSION = xctest;
			};
			name = Release;
		};
/* End XCBuildConfiguration section */

/* Begin XCConfigurationList section */
		10FD4A8B18D96F6C00FBD4B4 /* Build configuration list for PBXProject "MapDemo" */ = {
			isa = XCConfigurationList;
			buildConfigurations = (
				10FD4ABA18D96F6C00FBD4B4 /* Debug */,
				10FD4ABB18D96F6C00FBD4B4 /* Release */,
			);
			defaultConfigurationIsVisible = 0;
			defaultConfigurationName = Release;
		};
		10FD4ABC18D96F6C00FBD4B4 /* Build configuration list for PBXNativeTarget "MapDemo" */ = {
			isa = XCConfigurationList;
			buildConfigurations = (
				10FD4ABD18D96F6C00FBD4B4 /* Debug */,
				10FD4ABE18D96F6C00FBD4B4 /* Release */,
			);
			defaultConfigurationIsVisible = 0;
		};
		10FD4ABF18D96F6C00FBD4B4 /* Build configuration list for PBXNativeTarget "MapDemoTests" */ = {
			isa = XCConfigurationList;
			buildConfigurations = (
				10FD4AC018D96F6C00FBD4B4 /* Debug */,
				10FD4AC118D96F6C00FBD4B4 /* Release */,
			);
			defaultConfigurationIsVisible = 0;
		};
/* End XCConfigurationList section */
	};
	rootObject = 10FD4A8818D96F6C00FBD4B4 /* Project object */;
}
