// !$*UTF8*$!
{
	archiveVersion = 1;
	classes = {
	};
	objectVersion = 46;
	objects = {

/* Begin PBXBuildFile section */
		1012B89F18DC221B00B73E0B /* MAMapKit.framework in Frameworks */ = {isa = PBXBuildFile; fileRef = 10F30AED18DAAB390031D6F7 /* MAMapKit.framework */; };
		1012B8A318DC25A900B73E0B /* money.png in Resources */ = {isa = PBXBuildFile; fileRef = 1012B8A218DC25A900B73E0B /* money.png */; };
		101DA76618D96779007A33DA /* SettingVC.m in Sources */ = {isa = PBXBuildFile; fileRef = 101DA76518D96779007A33DA /* SettingVC.m */; };
		101DA76B18D97707007A33DA /* SettingVC.xib in Resources */ = {isa = PBXBuildFile; fileRef = 101DA76A18D97707007A33DA /* SettingVC.xib */; };
		1021B6B618DAD9D40041711B /* MainViewController.m in Sources */ = {isa = PBXBuildFile; fileRef = 1021B6B118DAD9D40041711B /* MainViewController.m */; };
		1021B6B718DAD9D40041711B /* 多云.jpg in Resources */ = {isa = PBXBuildFile; fileRef = 1021B6B218DAD9D40041711B /* 多云.jpg */; };
		1021B6B818DAD9D40041711B /* weatherjson.m in Sources */ = {isa = PBXBuildFile; fileRef = 1021B6B318DAD9D40041711B /* weatherjson.m */; };
		1021B6BC18DAD9DC0041711B /* 小雨.jpg in Resources */ = {isa = PBXBuildFile; fileRef = 1021B6B918DAD9DC0041711B /* 小雨.jpg */; };
		1021B6BD18DAD9DC0041711B /* weatherModel.m in Sources */ = {isa = PBXBuildFile; fileRef = 1021B6BA18DAD9DC0041711B /* weatherModel.m */; };
		1021B6BF18DADF2A0041711B /* 收藏.png in Resources */ = {isa = PBXBuildFile; fileRef = 1021B6BE18DADF2A0041711B /* 收藏.png */; };
		10224B6918DC195B00A1D159 /* 北京.jpg in Resources */ = {isa = PBXBuildFile; fileRef = 10224B6818DC195B00A1D159 /* 北京.jpg */; };
		10224B6B18DC1A0100A1D159 /* 上海.jpg in Resources */ = {isa = PBXBuildFile; fileRef = 10224B6A18DC1A0100A1D159 /* 上海.jpg */; };
		10224B6D18DC1AA100A1D159 /* 济南.jpg in Resources */ = {isa = PBXBuildFile; fileRef = 10224B6C18DC1AA100A1D159 /* 济南.jpg */; };
		1024484818DBCB7400E25D3E /* junketing.xml in Resources */ = {isa = PBXBuildFile; fileRef = 1024484718DBCB7400E25D3E /* junketing.xml */; };
		1024484A18DBCF1E00E25D3E /* user.json in Resources */ = {isa = PBXBuildFile; fileRef = 1024484918DBCF1E00E25D3E /* user.json */; };
		10581ADA18DA8EC3001A05E6 /* NearShopMapView.m in Sources */ = {isa = PBXBuildFile; fileRef = 10581AD918DA8EC3001A05E6 /* NearShopMapView.m */; };
		10581ADD18DA8ED4001A05E6 /* NearShopListView.m in Sources */ = {isa = PBXBuildFile; fileRef = 10581ADC18DA8ED4001A05E6 /* NearShopListView.m */; };
		10978F3B18DC0AD3006D1915 /* MaintableCell.m in Sources */ = {isa = PBXBuildFile; fileRef = 10978F3A18DC0AD3006D1915 /* MaintableCell.m */; };
		10978F3F18DC136B006D1915 /* 重庆.jpg in Resources */ = {isa = PBXBuildFile; fileRef = 10978F3E18DC136B006D1915 /* 重庆.jpg */; };
		109DFC3E18E010D5004EE87B /* 霾.jpg in Resources */ = {isa = PBXBuildFile; fileRef = 109DFC3D18E010D5004EE87B /* 霾.jpg */; };
		109DFC4018E013D5004EE87B /* File in Resources */ = {isa = PBXBuildFile; fileRef = 109DFC3F18E013D5004EE87B /* File */; };
		109DFC4218E015BA004EE87B /* 阴转小雨.jpg in Resources */ = {isa = PBXBuildFile; fileRef = 109DFC4118E015BA004EE87B /* 阴转小雨.jpg */; };
		109DFC4518E01B42004EE87B /* cityViewController.m in Sources */ = {isa = PBXBuildFile; fileRef = 109DFC4418E01B42004EE87B /* cityViewController.m */; };
		10F30AEC18DAA86E0031D6F7 /* OpenGLES.framework in Frameworks */ = {isa = PBXBuildFile; fileRef = 10F30AEB18DAA86E0031D6F7 /* OpenGLES.framework */; };
		10F30AF018DAAB400031D6F7 /* AMapSearchKit.framework in Frameworks */ = {isa = PBXBuildFile; fileRef = 10F30AEF18DAAB400031D6F7 /* AMapSearchKit.framework */; };
		10F30AF218DAAB480031D6F7 /* AMap.bundle in Resources */ = {isa = PBXBuildFile; fileRef = 10F30AF118DAAB480031D6F7 /* AMap.bundle */; };
		10F30B1018DAC9330031D6F7 /* NSObject+SBJson.m in Sources */ = {isa = PBXBuildFile; fileRef = 10F30AF818DAC9330031D6F7 /* NSObject+SBJson.m */; };
		10F30B1118DAC9330031D6F7 /* SBJsonParser.m in Sources */ = {isa = PBXBuildFile; fileRef = 10F30AFB18DAC9330031D6F7 /* SBJsonParser.m */; };
		10F30B1218DAC9330031D6F7 /* SBJsonStreamParser.m in Sources */ = {isa = PBXBuildFile; fileRef = 10F30AFD18DAC9330031D6F7 /* SBJsonStreamParser.m */; };
		10F30B1318DAC9330031D6F7 /* SBJsonStreamParserAccumulator.m in Sources */ = {isa = PBXBuildFile; fileRef = 10F30AFF18DAC9330031D6F7 /* SBJsonStreamParserAccumulator.m */; };
		10F30B1418DAC9330031D6F7 /* SBJsonStreamParserAdapter.m in Sources */ = {isa = PBXBuildFile; fileRef = 10F30B0118DAC9330031D6F7 /* SBJsonStreamParserAdapter.m */; };
		10F30B1518DAC9330031D6F7 /* SBJsonStreamParserState.m in Sources */ = {isa = PBXBuildFile; fileRef = 10F30B0318DAC9330031D6F7 /* SBJsonStreamParserState.m */; };
		10F30B1618DAC9330031D6F7 /* SBJsonStreamWriter.m in Sources */ = {isa = PBXBuildFile; fileRef = 10F30B0518DAC9330031D6F7 /* SBJsonStreamWriter.m */; };
		10F30B1718DAC9330031D6F7 /* SBJsonStreamWriterAccumulator.m in Sources */ = {isa = PBXBuildFile; fileRef = 10F30B0718DAC9330031D6F7 /* SBJsonStreamWriterAccumulator.m */; };
		10F30B1818DAC9330031D6F7 /* SBJsonStreamWriterState.m in Sources */ = {isa = PBXBuildFile; fileRef = 10F30B0918DAC9330031D6F7 /* SBJsonStreamWriterState.m */; };
		10F30B1918DAC9330031D6F7 /* SBJsonTokeniser.m in Sources */ = {isa = PBXBuildFile; fileRef = 10F30B0B18DAC9330031D6F7 /* SBJsonTokeniser.m */; };
		10F30B1A18DAC9330031D6F7 /* SBJsonUTF8Stream.m in Sources */ = {isa = PBXBuildFile; fileRef = 10F30B0D18DAC9330031D6F7 /* SBJsonUTF8Stream.m */; };
		10F30B1B18DAC9330031D6F7 /* SBJsonWriter.m in Sources */ = {isa = PBXBuildFile; fileRef = 10F30B0F18DAC9330031D6F7 /* SBJsonWriter.m */; };
		10FD4A5518D9333600FBD4B4 /* Foundation.framework in Frameworks */ = {isa = PBXBuildFile; fileRef = 10FD4A5418D9333600FBD4B4 /* Foundation.framework */; };
		10FD4A5718D9333600FBD4B4 /* CoreGraphics.framework in Frameworks */ = {isa = PBXBuildFile; fileRef = 10FD4A5618D9333600FBD4B4 /* CoreGraphics.framework */; };
		10FD4A5918D9333600FBD4B4 /* UIKit.framework in Frameworks */ = {isa = PBXBuildFile; fileRef = 10FD4A5818D9333600FBD4B4 /* UIKit.framework */; };
		10FD4A5F18D9333600FBD4B4 /* InfoPlist.strings in Resources */ = {isa = PBXBuildFile; fileRef = 10FD4A5D18D9333600FBD4B4 /* InfoPlist.strings */; };
		10FD4A6118D9333600FBD4B4 /* main.m in Sources */ = {isa = PBXBuildFile; fileRef = 10FD4A6018D9333600FBD4B4 /* main.m */; };
		10FD4A6518D9333600FBD4B4 /* AppDelegate.m in Sources */ = {isa = PBXBuildFile; fileRef = 10FD4A6418D9333600FBD4B4 /* AppDelegate.m */; };
		10FD4A6718D9333600FBD4B4 /* Images.xcassets in Resources */ = {isa = PBXBuildFile; fileRef = 10FD4A6618D9333600FBD4B4 /* Images.xcassets */; };
		10FD4A6E18D9333700FBD4B4 /* XCTest.framework in Frameworks */ = {isa = PBXBuildFile; fileRef = 10FD4A6D18D9333700FBD4B4 /* XCTest.framework */; };
		10FD4A6F18D9333700FBD4B4 /* Foundation.framework in Frameworks */ = {isa = PBXBuildFile; fileRef = 10FD4A5418D9333600FBD4B4 /* Foundation.framework */; };
		10FD4A7018D9333700FBD4B4 /* UIKit.framework in Frameworks */ = {isa = PBXBuildFile; fileRef = 10FD4A5818D9333600FBD4B4 /* UIKit.framework */; };
		10FD4A7818D9333700FBD4B4 /* InfoPlist.strings in Resources */ = {isa = PBXBuildFile; fileRef = 10FD4A7618D9333700FBD4B4 /* InfoPlist.strings */; };
		10FD4A7A18D9333700FBD4B4 /* TravellerTests.m in Sources */ = {isa = PBXBuildFile; fileRef = 10FD4A7918D9333700FBD4B4 /* TravellerTests.m */; };
		10FD4A8618D9668800FBD4B4 /* NearShopVC.m in Sources */ = {isa = PBXBuildFile; fileRef = 10FD4A8518D9668800FBD4B4 /* NearShopVC.m */; };
		10FD4AD818D9761F00FBD4B4 /* QuartzCore.framework in Frameworks */ = {isa = PBXBuildFile; fileRef = 10FD4AD718D9761F00FBD4B4 /* QuartzCore.framework */; };
		10FD4ADA18D9762A00FBD4B4 /* CoreLocation.framework in Frameworks */ = {isa = PBXBuildFile; fileRef = 10FD4AD918D9762A00FBD4B4 /* CoreLocation.framework */; };
		10FD4ADC18D9763100FBD4B4 /* SystemConfiguration.framework in Frameworks */ = {isa = PBXBuildFile; fileRef = 10FD4ADB18D9763100FBD4B4 /* SystemConfiguration.framework */; };
		10FD4ADE18D9763800FBD4B4 /* CoreTelephony.framework in Frameworks */ = {isa = PBXBuildFile; fileRef = 10FD4ADD18D9763800FBD4B4 /* CoreTelephony.framework */; };
		10FD4AE018D9763E00FBD4B4 /* libz.dylib in Frameworks */ = {isa = PBXBuildFile; fileRef = 10FD4ADF18D9763E00FBD4B4 /* libz.dylib */; };
		10FD4AE218D9764700FBD4B4 /* libstdc++.6.0.9.dylib in Frameworks */ = {isa = PBXBuildFile; fileRef = 10FD4AE118D9764700FBD4B4 /* libstdc++.6.0.9.dylib */; };
		10FD4AE418D9764C00FBD4B4 /* Security.framework in Frameworks */ = {isa = PBXBuildFile; fileRef = 10FD4AE318D9764C00FBD4B4 /* Security.framework */; };
/* End PBXBuildFile section */

/* Begin PBXContainerItemProxy section */
		10FD4A7118D9333700FBD4B4 /* PBXContainerItemProxy */ = {
			isa = PBXContainerItemProxy;
			containerPortal = 10FD4A4918D9333600FBD4B4 /* Project object */;
			proxyType = 1;
			remoteGlobalIDString = 10FD4A5018D9333600FBD4B4;
			remoteInfo = Traveller;
		};
/* End PBXContainerItemProxy section */

/* Begin PBXFileReference section */
		1012B8A218DC25A900B73E0B /* money.png */ = {isa = PBXFileReference; lastKnownFileType = image.png; path = money.png; sourceTree = "<group>"; };
		101DA76418D96779007A33DA /* SettingVC.h */ = {isa = PBXFileReference; fileEncoding = 4; lastKnownFileType = sourcecode.c.h; path = SettingVC.h; sourceTree = "<group>"; };
		101DA76518D96779007A33DA /* SettingVC.m */ = {isa = PBXFileReference; fileEncoding = 4; lastKnownFileType = sourcecode.c.objc; path = SettingVC.m; sourceTree = "<group>"; };
		101DA76A18D97707007A33DA /* SettingVC.xib */ = {isa = PBXFileReference; fileEncoding = 4; lastKnownFileType = file.xib; path = SettingVC.xib; sourceTree = "<group>"; };
		1021B6B118DAD9D40041711B /* MainViewController.m */ = {isa = PBXFileReference; fileEncoding = 4; lastKnownFileType = sourcecode.c.objc; path = MainViewController.m; sourceTree = "<group>"; };
		1021B6B218DAD9D40041711B /* 多云.jpg */ = {isa = PBXFileReference; lastKnownFileType = image.jpeg; path = "多云.jpg"; sourceTree = "<group>"; };
		1021B6B318DAD9D40041711B /* weatherjson.m */ = {isa = PBXFileReference; fileEncoding = 4; lastKnownFileType = sourcecode.c.objc; path = weatherjson.m; sourceTree = "<group>"; };
		1021B6B418DAD9D40041711B /* MainViewController.h */ = {isa = PBXFileReference; fileEncoding = 4; lastKnownFileType = sourcecode.c.h; path = MainViewController.h; sourceTree = "<group>"; };
		1021B6B518DAD9D40041711B /* weatherjson.h */ = {isa = PBXFileReference; fileEncoding = 4; lastKnownFileType = sourcecode.c.h; path = weatherjson.h; sourceTree = "<group>"; };
		1021B6B918DAD9DC0041711B /* 小雨.jpg */ = {isa = PBXFileReference; lastKnownFileType = image.jpeg; path = "小雨.jpg"; sourceTree = "<group>"; };
		1021B6BA18DAD9DC0041711B /* weatherModel.m */ = {isa = PBXFileReference; fileEncoding = 4; lastKnownFileType = sourcecode.c.objc; path = weatherModel.m; sourceTree = "<group>"; };
		1021B6BB18DAD9DC0041711B /* weatherModel.h */ = {isa = PBXFileReference; fileEncoding = 4; lastKnownFileType = sourcecode.c.h; path = weatherModel.h; sourceTree = "<group>"; };
		1021B6BE18DADF2A0041711B /* 收藏.png */ = {isa = PBXFileReference; lastKnownFileType = image.png; path = "收藏.png"; sourceTree = "<group>"; };
		10224B6818DC195B00A1D159 /* 北京.jpg */ = {isa = PBXFileReference; lastKnownFileType = image.jpeg; path = "北京.jpg"; sourceTree = "<group>"; };
		10224B6A18DC1A0100A1D159 /* 上海.jpg */ = {isa = PBXFileReference; lastKnownFileType = image.jpeg; path = "上海.jpg"; sourceTree = "<group>"; };
		10224B6C18DC1AA100A1D159 /* 济南.jpg */ = {isa = PBXFileReference; lastKnownFileType = image.jpeg; path = "济南.jpg"; sourceTree = "<group>"; };
		1024484718DBCB7400E25D3E /* junketing.xml */ = {isa = PBXFileReference; fileEncoding = 4; lastKnownFileType = text.xml; path = junketing.xml; sourceTree = "<group>"; };
		1024484918DBCF1E00E25D3E /* user.json */ = {isa = PBXFileReference; fileEncoding = 4; lastKnownFileType = text.json; path = user.json; sourceTree = "<group>"; };
		10581AD818DA8EC3001A05E6 /* NearShopMapView.h */ = {isa = PBXFileReference; fileEncoding = 4; lastKnownFileType = sourcecode.c.h; path = NearShopMapView.h; sourceTree = "<group>"; };
		10581AD918DA8EC3001A05E6 /* NearShopMapView.m */ = {isa = PBXFileReference; fileEncoding = 4; lastKnownFileType = sourcecode.c.objc; path = NearShopMapView.m; sourceTree = "<group>"; };
		10581ADB18DA8ED4001A05E6 /* NearShopListView.h */ = {isa = PBXFileReference; fileEncoding = 4; lastKnownFileType = sourcecode.c.h; path = NearShopListView.h; sourceTree = "<group>"; };
		10581ADC18DA8ED4001A05E6 /* NearShopListView.m */ = {isa = PBXFileReference; fileEncoding = 4; lastKnownFileType = sourcecode.c.objc; path = NearShopListView.m; sourceTree = "<group>"; };
		10978F3918DC0AD3006D1915 /* MaintableCell.h */ = {isa = PBXFileReference; fileEncoding = 4; lastKnownFileType = sourcecode.c.h; path = MaintableCell.h; sourceTree = "<group>"; };
		10978F3A18DC0AD3006D1915 /* MaintableCell.m */ = {isa = PBXFileReference; fileEncoding = 4; lastKnownFileType = sourcecode.c.objc; path = MaintableCell.m; sourceTree = "<group>"; };
		10978F3E18DC136B006D1915 /* 重庆.jpg */ = {isa = PBXFileReference; lastKnownFileType = image.jpeg; path = "重庆.jpg"; sourceTree = "<group>"; };
		109DFC3D18E010D5004EE87B /* 霾.jpg */ = {isa = PBXFileReference; lastKnownFileType = image.jpeg; path = "霾.jpg"; sourceTree = "<group>"; };
		109DFC3F18E013D5004EE87B /* File */ = {isa = PBXFileReference; fileEncoding = 4; lastKnownFileType = text; path = File; sourceTree = "<group>"; };
		109DFC4118E015BA004EE87B /* 阴转小雨.jpg */ = {isa = PBXFileReference; lastKnownFileType = image.jpeg; path = "阴转小雨.jpg"; sourceTree = "<group>"; };
		109DFC4318E01B42004EE87B /* cityViewController.h */ = {isa = PBXFileReference; fileEncoding = 4; lastKnownFileType = sourcecode.c.h; path = cityViewController.h; sourceTree = "<group>"; };
		109DFC4418E01B42004EE87B /* cityViewController.m */ = {isa = PBXFileReference; fileEncoding = 4; lastKnownFileType = sourcecode.c.objc; path = cityViewController.m; sourceTree = "<group>"; };
		10F30AEB18DAA86E0031D6F7 /* OpenGLES.framework */ = {isa = PBXFileReference; lastKnownFileType = wrapper.framework; name = OpenGLES.framework; path = System/Library/Frameworks/OpenGLES.framework; sourceTree = SDKROOT; };
		10F30AED18DAAB390031D6F7 /* MAMapKit.framework */ = {isa = PBXFileReference; lastKnownFileType = wrapper.framework; path = MAMapKit.framework; sourceTree = "<group>"; };
		10F30AEF18DAAB400031D6F7 /* AMapSearchKit.framework */ = {isa = PBXFileReference; lastKnownFileType = wrapper.framework; path = AMapSearchKit.framework; sourceTree = "<group>"; };
		10F30AF118DAAB480031D6F7 /* AMap.bundle */ = {isa = PBXFileReference; lastKnownFileType = "wrapper.plug-in"; path = AMap.bundle; sourceTree = "<group>"; };
		10F30AF718DAC9330031D6F7 /* NSObject+SBJson.h */ = {isa = PBXFileReference; fileEncoding = 4; lastKnownFileType = sourcecode.c.h; path = "NSObject+SBJson.h"; sourceTree = "<group>"; };
		10F30AF818DAC9330031D6F7 /* NSObject+SBJson.m */ = {isa = PBXFileReference; fileEncoding = 4; lastKnownFileType = sourcecode.c.objc; path = "NSObject+SBJson.m"; sourceTree = "<group>"; };
		10F30AF918DAC9330031D6F7 /* SBJson.h */ = {isa = PBXFileReference; fileEncoding = 4; lastKnownFileType = sourcecode.c.h; path = SBJson.h; sourceTree = "<group>"; };
		10F30AFA18DAC9330031D6F7 /* SBJsonParser.h */ = {isa = PBXFileReference; fileEncoding = 4; lastKnownFileType = sourcecode.c.h; path = SBJsonParser.h; sourceTree = "<group>"; };
		10F30AFB18DAC9330031D6F7 /* SBJsonParser.m */ = {isa = PBXFileReference; fileEncoding = 4; lastKnownFileType = sourcecode.c.objc; path = SBJsonParser.m; sourceTree = "<group>"; };
		10F30AFC18DAC9330031D6F7 /* SBJsonStreamParser.h */ = {isa = PBXFileReference; fileEncoding = 4; lastKnownFileType = sourcecode.c.h; path = SBJsonStreamParser.h; sourceTree = "<group>"; };
		10F30AFD18DAC9330031D6F7 /* SBJsonStreamParser.m */ = {isa = PBXFileReference; fileEncoding = 4; lastKnownFileType = sourcecode.c.objc; path = SBJsonStreamParser.m; sourceTree = "<group>"; };
		10F30AFE18DAC9330031D6F7 /* SBJsonStreamParserAccumulator.h */ = {isa = PBXFileReference; fileEncoding = 4; lastKnownFileType = sourcecode.c.h; path = SBJsonStreamParserAccumulator.h; sourceTree = "<group>"; };
		10F30AFF18DAC9330031D6F7 /* SBJsonStreamParserAccumulator.m */ = {isa = PBXFileReference; fileEncoding = 4; lastKnownFileType = sourcecode.c.objc; path = SBJsonStreamParserAccumulator.m; sourceTree = "<group>"; };
		10F30B0018DAC9330031D6F7 /* SBJsonStreamParserAdapter.h */ = {isa = PBXFileReference; fileEncoding = 4; lastKnownFileType = sourcecode.c.h; path = SBJsonStreamParserAdapter.h; sourceTree = "<group>"; };
		10F30B0118DAC9330031D6F7 /* SBJsonStreamParserAdapter.m */ = {isa = PBXFileReference; fileEncoding = 4; lastKnownFileType = sourcecode.c.objc; path = SBJsonStreamParserAdapter.m; sourceTree = "<group>"; };
		10F30B0218DAC9330031D6F7 /* SBJsonStreamParserState.h */ = {isa = PBXFileReference; fileEncoding = 4; lastKnownFileType = sourcecode.c.h; path = SBJsonStreamParserState.h; sourceTree = "<group>"; };
		10F30B0318DAC9330031D6F7 /* SBJsonStreamParserState.m */ = {isa = PBXFileReference; fileEncoding = 4; lastKnownFileType = sourcecode.c.objc; path = SBJsonStreamParserState.m; sourceTree = "<group>"; };
		10F30B0418DAC9330031D6F7 /* SBJsonStreamWriter.h */ = {isa = PBXFileReference; fileEncoding = 4; lastKnownFileType = sourcecode.c.h; path = SBJsonStreamWriter.h; sourceTree = "<group>"; };
		10F30B0518DAC9330031D6F7 /* SBJsonStreamWriter.m */ = {isa = PBXFileReference; fileEncoding = 4; lastKnownFileType = sourcecode.c.objc; path = SBJsonStreamWriter.m; sourceTree = "<group>"; };
		10F30B0618DAC9330031D6F7 /* SBJsonStreamWriterAccumulator.h */ = {isa = PBXFileReference; fileEncoding = 4; lastKnownFileType = sourcecode.c.h; path = SBJsonStreamWriterAccumulator.h; sourceTree = "<group>"; };
		10F30B0718DAC9330031D6F7 /* SBJsonStreamWriterAccumulator.m */ = {isa = PBXFileReference; fileEncoding = 4; lastKnownFileType = sourcecode.c.objc; path = SBJsonStreamWriterAccumulator.m; sourceTree = "<group>"; };
		10F30B0818DAC9330031D6F7 /* SBJsonStreamWriterState.h */ = {isa = PBXFileReference; fileEncoding = 4; lastKnownFileType = sourcecode.c.h; path = SBJsonStreamWriterState.h; sourceTree = "<group>"; };
		10F30B0918DAC9330031D6F7 /* SBJsonStreamWriterState.m */ = {isa = PBXFileReference; fileEncoding = 4; lastKnownFileType = sourcecode.c.objc; path = SBJsonStreamWriterState.m; sourceTree = "<group>"; };
		10F30B0A18DAC9330031D6F7 /* SBJsonTokeniser.h */ = {isa = PBXFileReference; fileEncoding = 4; lastKnownFileType = sourcecode.c.h; path = SBJsonTokeniser.h; sourceTree = "<group>"; };
		10F30B0B18DAC9330031D6F7 /* SBJsonTokeniser.m */ = {isa = PBXFileReference; fileEncoding = 4; lastKnownFileType = sourcecode.c.objc; path = SBJsonTokeniser.m; sourceTree = "<group>"; };
		10F30B0C18DAC9330031D6F7 /* SBJsonUTF8Stream.h */ = {isa = PBXFileReference; fileEncoding = 4; lastKnownFileType = sourcecode.c.h; path = SBJsonUTF8Stream.h; sourceTree = "<group>"; };
		10F30B0D18DAC9330031D6F7 /* SBJsonUTF8Stream.m */ = {isa = PBXFileReference; fileEncoding = 4; lastKnownFileType = sourcecode.c.objc; path = SBJsonUTF8Stream.m; sourceTree = "<group>"; };
		10F30B0E18DAC9330031D6F7 /* SBJsonWriter.h */ = {isa = PBXFileReference; fileEncoding = 4; lastKnownFileType = sourcecode.c.h; path = SBJsonWriter.h; sourceTree = "<group>"; };
		10F30B0F18DAC9330031D6F7 /* SBJsonWriter.m */ = {isa = PBXFileReference; fileEncoding = 4; lastKnownFileType = sourcecode.c.objc; path = SBJsonWriter.m; sourceTree = "<group>"; };
		10FD4A5118D9333600FBD4B4 /* Traveller.app */ = {isa = PBXFileReference; explicitFileType = wrapper.application; includeInIndex = 0; path = Traveller.app; sourceTree = BUILT_PRODUCTS_DIR; };
		10FD4A5418D9333600FBD4B4 /* Foundation.framework */ = {isa = PBXFileReference; lastKnownFileType = wrapper.framework; name = Foundation.framework; path = System/Library/Frameworks/Foundation.framework; sourceTree = SDKROOT; };
		10FD4A5618D9333600FBD4B4 /* CoreGraphics.framework */ = {isa = PBXFileReference; lastKnownFileType = wrapper.framework; name = CoreGraphics.framework; path = System/Library/Frameworks/CoreGraphics.framework; sourceTree = SDKROOT; };
		10FD4A5818D9333600FBD4B4 /* UIKit.framework */ = {isa = PBXFileReference; lastKnownFileType = wrapper.framework; name = UIKit.framework; path = System/Library/Frameworks/UIKit.framework; sourceTree = SDKROOT; };
		10FD4A5C18D9333600FBD4B4 /* Traveller-Info.plist */ = {isa = PBXFileReference; lastKnownFileType = text.plist.xml; path = "Traveller-Info.plist"; sourceTree = "<group>"; };
		10FD4A5E18D9333600FBD4B4 /* en */ = {isa = PBXFileReference; lastKnownFileType = text.plist.strings; name = en; path = en.lproj/InfoPlist.strings; sourceTree = "<group>"; };
		10FD4A6018D9333600FBD4B4 /* main.m */ = {isa = PBXFileReference; lastKnownFileType = sourcecode.c.objc; path = main.m; sourceTree = "<group>"; };
		10FD4A6218D9333600FBD4B4 /* Traveller-Prefix.pch */ = {isa = PBXFileReference; lastKnownFileType = sourcecode.c.h; path = "Traveller-Prefix.pch"; sourceTree = "<group>"; };
		10FD4A6318D9333600FBD4B4 /* AppDelegate.h */ = {isa = PBXFileReference; lastKnownFileType = sourcecode.c.h; path = AppDelegate.h; sourceTree = "<group>"; };
		10FD4A6418D9333600FBD4B4 /* AppDelegate.m */ = {isa = PBXFileReference; lastKnownFileType = sourcecode.c.objc; path = AppDelegate.m; sourceTree = "<group>"; };
		10FD4A6618D9333600FBD4B4 /* Images.xcassets */ = {isa = PBXFileReference; lastKnownFileType = folder.assetcatalog; path = Images.xcassets; sourceTree = "<group>"; };
		10FD4A6C18D9333700FBD4B4 /* TravellerTests.xctest */ = {isa = PBXFileReference; explicitFileType = wrapper.cfbundle; includeInIndex = 0; path = TravellerTests.xctest; sourceTree = BUILT_PRODUCTS_DIR; };
		10FD4A6D18D9333700FBD4B4 /* XCTest.framework */ = {isa = PBXFileReference; lastKnownFileType = wrapper.framework; name = XCTest.framework; path = Library/Frameworks/XCTest.framework; sourceTree = DEVELOPER_DIR; };
		10FD4A7518D9333700FBD4B4 /* TravellerTests-Info.plist */ = {isa = PBXFileReference; lastKnownFileType = text.plist.xml; path = "TravellerTests-Info.plist"; sourceTree = "<group>"; };
		10FD4A7718D9333700FBD4B4 /* en */ = {isa = PBXFileReference; lastKnownFileType = text.plist.strings; name = en; path = en.lproj/InfoPlist.strings; sourceTree = "<group>"; };
		10FD4A7918D9333700FBD4B4 /* TravellerTests.m */ = {isa = PBXFileReference; lastKnownFileType = sourcecode.c.objc; path = TravellerTests.m; sourceTree = "<group>"; };
		10FD4A8418D9668800FBD4B4 /* NearShopVC.h */ = {isa = PBXFileReference; fileEncoding = 4; lastKnownFileType = sourcecode.c.h; path = NearShopVC.h; sourceTree = "<group>"; };
		10FD4A8518D9668800FBD4B4 /* NearShopVC.m */ = {isa = PBXFileReference; fileEncoding = 4; lastKnownFileType = sourcecode.c.objc; path = NearShopVC.m; sourceTree = "<group>"; };
		10FD4AD718D9761F00FBD4B4 /* QuartzCore.framework */ = {isa = PBXFileReference; lastKnownFileType = wrapper.framework; name = QuartzCore.framework; path = System/Library/Frameworks/QuartzCore.framework; sourceTree = SDKROOT; };
		10FD4AD918D9762A00FBD4B4 /* CoreLocation.framework */ = {isa = PBXFileReference; lastKnownFileType = wrapper.framework; name = CoreLocation.framework; path = System/Library/Frameworks/CoreLocation.framework; sourceTree = SDKROOT; };
		10FD4ADB18D9763100FBD4B4 /* SystemConfiguration.framework */ = {isa = PBXFileReference; lastKnownFileType = wrapper.framework; name = SystemConfiguration.framework; path = System/Library/Frameworks/SystemConfiguration.framework; sourceTree = SDKROOT; };
		10FD4ADD18D9763800FBD4B4 /* CoreTelephony.framework */ = {isa = PBXFileReference; lastKnownFileType = wrapper.framework; name = CoreTelephony.framework; path = System/Library/Frameworks/CoreTelephony.framework; sourceTree = SDKROOT; };
		10FD4ADF18D9763E00FBD4B4 /* libz.dylib */ = {isa = PBXFileReference; lastKnownFileType = "compiled.mach-o.dylib"; name = libz.dylib; path = usr/lib/libz.dylib; sourceTree = SDKROOT; };
		10FD4AE118D9764700FBD4B4 /* libstdc++.6.0.9.dylib */ = {isa = PBXFileReference; lastKnownFileType = "compiled.mach-o.dylib"; name = "libstdc++.6.0.9.dylib"; path = "usr/lib/libstdc++.6.0.9.dylib"; sourceTree = SDKROOT; };
		10FD4AE318D9764C00FBD4B4 /* Security.framework */ = {isa = PBXFileReference; lastKnownFileType = wrapper.framework; name = Security.framework; path = System/Library/Frameworks/Security.framework; sourceTree = SDKROOT; };
/* End PBXFileReference section */

/* Begin PBXFrameworksBuildPhase section */
		10FD4A4E18D9333600FBD4B4 /* Frameworks */ = {
			isa = PBXFrameworksBuildPhase;
			buildActionMask = 2147483647;
			files = (
				1012B89F18DC221B00B73E0B /* MAMapKit.framework in Frameworks */,
				10F30AEC18DAA86E0031D6F7 /* OpenGLES.framework in Frameworks */,
				10FD4AE418D9764C00FBD4B4 /* Security.framework in Frameworks */,
				10FD4AE218D9764700FBD4B4 /* libstdc++.6.0.9.dylib in Frameworks */,
				10FD4AE018D9763E00FBD4B4 /* libz.dylib in Frameworks */,
				10FD4ADE18D9763800FBD4B4 /* CoreTelephony.framework in Frameworks */,
				10FD4ADC18D9763100FBD4B4 /* SystemConfiguration.framework in Frameworks */,
				10F30AF018DAAB400031D6F7 /* AMapSearchKit.framework in Frameworks */,
				10FD4ADA18D9762A00FBD4B4 /* CoreLocation.framework in Frameworks */,
				10FD4AD818D9761F00FBD4B4 /* QuartzCore.framework in Frameworks */,
				10FD4A5718D9333600FBD4B4 /* CoreGraphics.framework in Frameworks */,
				10FD4A5918D9333600FBD4B4 /* UIKit.framework in Frameworks */,
				10FD4A5518D9333600FBD4B4 /* Foundation.framework in Frameworks */,
			);
			runOnlyForDeploymentPostprocessing = 0;
		};
		10FD4A6918D9333700FBD4B4 /* Frameworks */ = {
			isa = PBXFrameworksBuildPhase;
			buildActionMask = 2147483647;
			files = (
				10FD4A6E18D9333700FBD4B4 /* XCTest.framework in Frameworks */,
				10FD4A7018D9333700FBD4B4 /* UIKit.framework in Frameworks */,
				10FD4A6F18D9333700FBD4B4 /* Foundation.framework in Frameworks */,
			);
			runOnlyForDeploymentPostprocessing = 0;
		};
/* End PBXFrameworksBuildPhase section */

/* Begin PBXGroup section */
		101DA76718D9677D007A33DA /* SettingViewControllers */ = {
			isa = PBXGroup;
			children = (
				101DA76418D96779007A33DA /* SettingVC.h */,
				101DA76518D96779007A33DA /* SettingVC.m */,
				101DA76A18D97707007A33DA /* SettingVC.xib */,
			);
			name = SettingViewControllers;
			sourceTree = "<group>";
		};
		10978F4018DC1372006D1915 /* cityimg */ = {
			isa = PBXGroup;
			children = (
				10224B6A18DC1A0100A1D159 /* 上海.jpg */,
				10978F3E18DC136B006D1915 /* 重庆.jpg */,
				10224B6818DC195B00A1D159 /* 北京.jpg */,
				10224B6C18DC1AA100A1D159 /* 济南.jpg */,
			);
			name = cityimg;
			sourceTree = "<group>";
		};
		109D050718D96AEC00F67F0C /* MainviewControllers */ = {
			isa = PBXGroup;
			children = (
				1021B6B418DAD9D40041711B /* MainViewController.h */,
				1021B6B118DAD9D40041711B /* MainViewController.m */,
				109DFC4318E01B42004EE87B /* cityViewController.h */,
				109DFC4418E01B42004EE87B /* cityViewController.m */,
				1012B8A218DC25A900B73E0B /* money.png */,
				10978F3918DC0AD3006D1915 /* MaintableCell.h */,
				10978F3A18DC0AD3006D1915 /* MaintableCell.m */,
				10978F4018DC1372006D1915 /* cityimg */,
				1021B6B218DAD9D40041711B /* 多云.jpg */,
				109DFC4118E015BA004EE87B /* 阴转小雨.jpg */,
				109DFC3D18E010D5004EE87B /* 霾.jpg */,
				1021B6B918DAD9DC0041711B /* 小雨.jpg */,
				1021B6BE18DADF2A0041711B /* 收藏.png */,
				1021B6B518DAD9D40041711B /* weatherjson.h */,
				1021B6B318DAD9D40041711B /* weatherjson.m */,
			);
			name = MainviewControllers;
			sourceTree = "<group>";
		};
		10F30AF618DAC9330031D6F7 /* SBJson */ = {
			isa = PBXGroup;
			children = (
				10F30AF718DAC9330031D6F7 /* NSObject+SBJson.h */,
				10F30AF818DAC9330031D6F7 /* NSObject+SBJson.m */,
				10F30AF918DAC9330031D6F7 /* SBJson.h */,
				10F30AFA18DAC9330031D6F7 /* SBJsonParser.h */,
				10F30AFB18DAC9330031D6F7 /* SBJsonParser.m */,
				10F30AFC18DAC9330031D6F7 /* SBJsonStreamParser.h */,
				10F30AFD18DAC9330031D6F7 /* SBJsonStreamParser.m */,
				10F30AFE18DAC9330031D6F7 /* SBJsonStreamParserAccumulator.h */,
				10F30AFF18DAC9330031D6F7 /* SBJsonStreamParserAccumulator.m */,
				10F30B0018DAC9330031D6F7 /* SBJsonStreamParserAdapter.h */,
				10F30B0118DAC9330031D6F7 /* SBJsonStreamParserAdapter.m */,
				10F30B0218DAC9330031D6F7 /* SBJsonStreamParserState.h */,
				10F30B0318DAC9330031D6F7 /* SBJsonStreamParserState.m */,
				10F30B0418DAC9330031D6F7 /* SBJsonStreamWriter.h */,
				10F30B0518DAC9330031D6F7 /* SBJsonStreamWriter.m */,
				10F30B0618DAC9330031D6F7 /* SBJsonStreamWriterAccumulator.h */,
				10F30B0718DAC9330031D6F7 /* SBJsonStreamWriterAccumulator.m */,
				10F30B0818DAC9330031D6F7 /* SBJsonStreamWriterState.h */,
				10F30B0918DAC9330031D6F7 /* SBJsonStreamWriterState.m */,
				10F30B0A18DAC9330031D6F7 /* SBJsonTokeniser.h */,
				10F30B0B18DAC9330031D6F7 /* SBJsonTokeniser.m */,
				10F30B0C18DAC9330031D6F7 /* SBJsonUTF8Stream.h */,
				10F30B0D18DAC9330031D6F7 /* SBJsonUTF8Stream.m */,
				10F30B0E18DAC9330031D6F7 /* SBJsonWriter.h */,
				10F30B0F18DAC9330031D6F7 /* SBJsonWriter.m */,
			);
			path = SBJson;
			sourceTree = "<group>";
		};
		10F5468B18D96BD800EBE52B /* PostsViewControllers */ = {
			isa = PBXGroup;
			children = (
			);
			name = PostsViewControllers;
			sourceTree = "<group>";
		};
		10FD4A4818D9333600FBD4B4 = {
			isa = PBXGroup;
			children = (
				10FD4A5A18D9333600FBD4B4 /* Traveller */,
				10FD4A7318D9333700FBD4B4 /* TravellerTests */,
				10FD4A5318D9333600FBD4B4 /* Frameworks */,
				10FD4A5218D9333600FBD4B4 /* Products */,
			);
			sourceTree = "<group>";
		};
		10FD4A5218D9333600FBD4B4 /* Products */ = {
			isa = PBXGroup;
			children = (
				10FD4A5118D9333600FBD4B4 /* Traveller.app */,
				10FD4A6C18D9333700FBD4B4 /* TravellerTests.xctest */,
			);
			name = Products;
			sourceTree = "<group>";
		};
		10FD4A5318D9333600FBD4B4 /* Frameworks */ = {
			isa = PBXGroup;
			children = (
				10F30AEF18DAAB400031D6F7 /* AMapSearchKit.framework */,
				10F30AED18DAAB390031D6F7 /* MAMapKit.framework */,
				10F30AEB18DAA86E0031D6F7 /* OpenGLES.framework */,
				10FD4AE318D9764C00FBD4B4 /* Security.framework */,
				10FD4AE118D9764700FBD4B4 /* libstdc++.6.0.9.dylib */,
				10FD4ADF18D9763E00FBD4B4 /* libz.dylib */,
				10FD4ADD18D9763800FBD4B4 /* CoreTelephony.framework */,
				10FD4ADB18D9763100FBD4B4 /* SystemConfiguration.framework */,
				10FD4AD918D9762A00FBD4B4 /* CoreLocation.framework */,
				10FD4AD718D9761F00FBD4B4 /* QuartzCore.framework */,
				10FD4A5418D9333600FBD4B4 /* Foundation.framework */,
				10FD4A5618D9333600FBD4B4 /* CoreGraphics.framework */,
				10FD4A5818D9333600FBD4B4 /* UIKit.framework */,
				10FD4A6D18D9333700FBD4B4 /* XCTest.framework */,
			);
			name = Frameworks;
			sourceTree = "<group>";
		};
		10FD4A5A18D9333600FBD4B4 /* Traveller */ = {
			isa = PBXGroup;
			children = (
				10F30AF618DAC9330031D6F7 /* SBJson */,
				10F30AF118DAAB480031D6F7 /* AMap.bundle */,
				10FD4AEA18D9860E00FBD4B4 /* Models */,
				10F5468B18D96BD800EBE52B /* PostsViewControllers */,
				109D050718D96AEC00F67F0C /* MainviewControllers */,
				101DA76718D9677D007A33DA /* SettingViewControllers */,
				10FD4A8318D9666000FBD4B4 /* NearShopViewControllers */,
				10FD4A6318D9333600FBD4B4 /* AppDelegate.h */,
				10FD4A6418D9333600FBD4B4 /* AppDelegate.m */,
				10FD4A6618D9333600FBD4B4 /* Images.xcassets */,
				10FD4A5B18D9333600FBD4B4 /* Supporting Files */,
			);
			path = Traveller;
			sourceTree = "<group>";
		};
		10FD4A5B18D9333600FBD4B4 /* Supporting Files */ = {
			isa = PBXGroup;
			children = (
				10FD4A5C18D9333600FBD4B4 /* Traveller-Info.plist */,
				10FD4A5D18D9333600FBD4B4 /* InfoPlist.strings */,
				1024484718DBCB7400E25D3E /* junketing.xml */,
				1024484918DBCF1E00E25D3E /* user.json */,
				109DFC3F18E013D5004EE87B /* File */,
				10FD4A6018D9333600FBD4B4 /* main.m */,
				10FD4A6218D9333600FBD4B4 /* Traveller-Prefix.pch */,
			);
			name = "Supporting Files";
			sourceTree = "<group>";
		};
		10FD4A7318D9333700FBD4B4 /* TravellerTests */ = {
			isa = PBXGroup;
			children = (
				10FD4A7918D9333700FBD4B4 /* TravellerTests.m */,
				10FD4A7418D9333700FBD4B4 /* Supporting Files */,
			);
			path = TravellerTests;
			sourceTree = "<group>";
		};
		10FD4A7418D9333700FBD4B4 /* Supporting Files */ = {
			isa = PBXGroup;
			children = (
				10FD4A7518D9333700FBD4B4 /* TravellerTests-Info.plist */,
				10FD4A7618D9333700FBD4B4 /* InfoPlist.strings */,
			);
			name = "Supporting Files";
			sourceTree = "<group>";
		};
		10FD4A8318D9666000FBD4B4 /* NearShopViewControllers */ = {
			isa = PBXGroup;
			children = (
				10FD4A8418D9668800FBD4B4 /* NearShopVC.h */,
				10FD4A8518D9668800FBD4B4 /* NearShopVC.m */,
				10581AD818DA8EC3001A05E6 /* NearShopMapView.h */,
				10581AD918DA8EC3001A05E6 /* NearShopMapView.m */,
				10581ADB18DA8ED4001A05E6 /* NearShopListView.h */,
				10581ADC18DA8ED4001A05E6 /* NearShopListView.m */,
			);
			name = NearShopViewControllers;
			sourceTree = "<group>";
		};
		10FD4AEA18D9860E00FBD4B4 /* Models */ = {
			isa = PBXGroup;
			children = (
				1021B6BB18DAD9DC0041711B /* weatherModel.h */,
				1021B6BA18DAD9DC0041711B /* weatherModel.m */,
			);
			name = Models;
			sourceTree = "<group>";
		};
/* End PBXGroup section */

/* Begin PBXNativeTarget section */
		10FD4A5018D9333600FBD4B4 /* Traveller */ = {
			isa = PBXNativeTarget;
			buildConfigurationList = 10FD4A7D18D9333700FBD4B4 /* Build configuration list for PBXNativeTarget "Traveller" */;
			buildPhases = (
				10FD4A4D18D9333600FBD4B4 /* Sources */,
				10FD4A4E18D9333600FBD4B4 /* Frameworks */,
				10FD4A4F18D9333600FBD4B4 /* Resources */,
				10FD4AE918D97B2A00FBD4B4 /* ShellScript */,
			);
			buildRules = (
			);
			dependencies = (
			);
			name = Traveller;
			productName = Traveller;
			productReference = 10FD4A5118D9333600FBD4B4 /* Traveller.app */;
			productType = "com.apple.product-type.application";
		};
		10FD4A6B18D9333700FBD4B4 /* TravellerTests */ = {
			isa = PBXNativeTarget;
			buildConfigurationList = 10FD4A8018D9333700FBD4B4 /* Build configuration list for PBXNativeTarget "TravellerTests" */;
			buildPhases = (
				10FD4A6818D9333700FBD4B4 /* Sources */,
				10FD4A6918D9333700FBD4B4 /* Frameworks */,
				10FD4A6A18D9333700FBD4B4 /* Resources */,
			);
			buildRules = (
			);
			dependencies = (
				10FD4A7218D9333700FBD4B4 /* PBXTargetDependency */,
			);
			name = TravellerTests;
			productName = TravellerTests;
			productReference = 10FD4A6C18D9333700FBD4B4 /* TravellerTests.xctest */;
			productType = "com.apple.product-type.bundle.unit-test";
		};
/* End PBXNativeTarget section */

/* Begin PBXProject section */
		10FD4A4918D9333600FBD4B4 /* Project object */ = {
			isa = PBXProject;
			attributes = {
				LastUpgradeCheck = 0500;
				ORGANIZATIONNAME = NewWorld;
				TargetAttributes = {
					10FD4A6B18D9333700FBD4B4 = {
						TestTargetID = 10FD4A5018D9333600FBD4B4;
					};
				};
			};
			buildConfigurationList = 10FD4A4C18D9333600FBD4B4 /* Build configuration list for PBXProject "Traveller" */;
			compatibilityVersion = "Xcode 3.2";
			developmentRegion = English;
			hasScannedForEncodings = 0;
			knownRegions = (
				en,
			);
			mainGroup = 10FD4A4818D9333600FBD4B4;
			productRefGroup = 10FD4A5218D9333600FBD4B4 /* Products */;
			projectDirPath = "";
			projectRoot = "";
			targets = (
				10FD4A5018D9333600FBD4B4 /* Traveller */,
				10FD4A6B18D9333700FBD4B4 /* TravellerTests */,
			);
		};
/* End PBXProject section */

/* Begin PBXResourcesBuildPhase section */
		10FD4A4F18D9333600FBD4B4 /* Resources */ = {
			isa = PBXResourcesBuildPhase;
			buildActionMask = 2147483647;
			files = (
				10224B6D18DC1AA100A1D159 /* 济南.jpg in Resources */,
				10978F3F18DC136B006D1915 /* 重庆.jpg in Resources */,
				10224B6918DC195B00A1D159 /* 北京.jpg in Resources */,
				109DFC3E18E010D5004EE87B /* 霾.jpg in Resources */,
				109DFC4018E013D5004EE87B /* File in Resources */,
				1021B6B718DAD9D40041711B /* 多云.jpg in Resources */,
				10F30AF218DAAB480031D6F7 /* AMap.bundle in Resources */,
				10FD4A5F18D9333600FBD4B4 /* InfoPlist.strings in Resources */,
				1024484818DBCB7400E25D3E /* junketing.xml in Resources */,
				109DFC4218E015BA004EE87B /* 阴转小雨.jpg in Resources */,
				1021B6BF18DADF2A0041711B /* 收藏.png in Resources */,
				1012B8A318DC25A900B73E0B /* money.png in Resources */,
				1024484A18DBCF1E00E25D3E /* user.json in Resources */,
				101DA76B18D97707007A33DA /* SettingVC.xib in Resources */,
				1021B6BC18DAD9DC0041711B /* 小雨.jpg in Resources */,
				10224B6B18DC1A0100A1D159 /* 上海.jpg in Resources */,
				10FD4A6718D9333600FBD4B4 /* Images.xcassets in Resources */,
			);
			runOnlyForDeploymentPostprocessing = 0;
		};
		10FD4A6A18D9333700FBD4B4 /* Resources */ = {
			isa = PBXResourcesBuildPhase;
			buildActionMask = 2147483647;
			files = (
				10FD4A7818D9333700FBD4B4 /* InfoPlist.strings in Resources */,
			);
			runOnlyForDeploymentPostprocessing = 0;
		};
/* End PBXResourcesBuildPhase section */

/* Begin PBXShellScriptBuildPhase section */
		10FD4AE918D97B2A00FBD4B4 /* ShellScript */ = {
			isa = PBXShellScriptBuildPhase;
			buildActionMask = 2147483647;
			files = (
			);
			inputPaths = (
			);
			outputPaths = (
			);
			runOnlyForDeploymentPostprocessing = 0;
			shellPath = /bin/sh;
			shellScript = "export CODESIGN_ALLOCATE=/Applications/Xcode.app/Contents/Developer/Platforms/iPhoneOS.platform/Developer/usr/bin/codesign_allocate\nif [ \"${PLATFORM_NAME}\" == \"iphoneos\" ] || [ \"${PLATFORM_NAME}\" == \"ipados\" ]; then /Applications/Xcode.app/Contents/Developer/iphoneentitlements/gen_entitlements.py \"my.company.${PROJECT_NAME}\" \"${BUILT_PRODUCTS_DIR}/${WRAPPER_NAME}/${PROJECT_NAME}.xcent\";\ncodesign -f -s \"ios Developer\" --entitlements \"${BUILT_PRODUCTS_DIR}/${WRAPPER_NAME}/${PROJECT_NAME}.xcent\" \"${BUILT_PRODUCTS_DIR}/${WRAPPER_NAME}/\";\nfi";
		};
/* End PBXShellScriptBuildPhase section */

/* Begin PBXSourcesBuildPhase section */
		10FD4A4D18D9333600FBD4B4 /* Sources */ = {
			isa = PBXSourcesBuildPhase;
			buildActionMask = 2147483647;
			files = (
				10F30B1918DAC9330031D6F7 /* SBJsonTokeniser.m in Sources */,
				10FD4A8618D9668800FBD4B4 /* NearShopVC.m in Sources */,
				101DA76618D96779007A33DA /* SettingVC.m in Sources */,
				10F30B1518DAC9330031D6F7 /* SBJsonStreamParserState.m in Sources */,
				10FD4A6518D9333600FBD4B4 /* AppDelegate.m in Sources */,
				10581ADA18DA8EC3001A05E6 /* NearShopMapView.m in Sources */,
				1021B6B818DAD9D40041711B /* weatherjson.m in Sources */,
				1021B6B618DAD9D40041711B /* MainViewController.m in Sources */,
				10581ADD18DA8ED4001A05E6 /* NearShopListView.m in Sources */,
				10F30B1B18DAC9330031D6F7 /* SBJsonWriter.m in Sources */,
				10F30B1318DAC9330031D6F7 /* SBJsonStreamParserAccumulator.m in Sources */,
				109DFC4518E01B42004EE87B /* cityViewController.m in Sources */,
				10978F3B18DC0AD3006D1915 /* MaintableCell.m in Sources */,
				10F30B1118DAC9330031D6F7 /* SBJsonParser.m in Sources */,
				10F30B1018DAC9330031D6F7 /* NSObject+SBJson.m in Sources */,
				10F30B1A18DAC9330031D6F7 /* SBJsonUTF8Stream.m in Sources */,
				10FD4A6118D9333600FBD4B4 /* main.m in Sources */,
				10F30B1718DAC9330031D6F7 /* SBJsonStreamWriterAccumulator.m in Sources */,
				10F30B1618DAC9330031D6F7 /* SBJsonStreamWriter.m in Sources */,
				10F30B1818DAC9330031D6F7 /* SBJsonStreamWriterState.m in Sources */,
				10F30B1218DAC9330031D6F7 /* SBJsonStreamParser.m in Sources */,
				10F30B1418DAC9330031D6F7 /* SBJsonStreamParserAdapter.m in Sources */,
				1021B6BD18DAD9DC0041711B /* weatherModel.m in Sources */,
			);
			runOnlyForDeploymentPostprocessing = 0;
		};
		10FD4A6818D9333700FBD4B4 /* Sources */ = {
			isa = PBXSourcesBuildPhase;
			buildActionMask = 2147483647;
			files = (
				10FD4A7A18D9333700FBD4B4 /* TravellerTests.m in Sources */,
			);
			runOnlyForDeploymentPostprocessing = 0;
		};
/* End PBXSourcesBuildPhase section */

/* Begin PBXTargetDependency section */
		10FD4A7218D9333700FBD4B4 /* PBXTargetDependency */ = {
			isa = PBXTargetDependency;
			target = 10FD4A5018D9333600FBD4B4 /* Traveller */;
			targetProxy = 10FD4A7118D9333700FBD4B4 /* PBXContainerItemProxy */;
		};
/* End PBXTargetDependency section */

/* Begin PBXVariantGroup section */
		10FD4A5D18D9333600FBD4B4 /* InfoPlist.strings */ = {
			isa = PBXVariantGroup;
			children = (
				10FD4A5E18D9333600FBD4B4 /* en */,
			);
			name = InfoPlist.strings;
			sourceTree = "<group>";
		};
		10FD4A7618D9333700FBD4B4 /* InfoPlist.strings */ = {
			isa = PBXVariantGroup;
			children = (
				10FD4A7718D9333700FBD4B4 /* en */,
			);
			name = InfoPlist.strings;
			sourceTree = "<group>";
		};
/* End PBXVariantGroup section */

/* Begin XCBuildConfiguration section */
		10FD4A7B18D9333700FBD4B4 /* Debug */ = {
			isa = XCBuildConfiguration;
			buildSettings = {
				ALWAYS_SEARCH_USER_PATHS = NO;
				ARCHS = "$(ARCHS_STANDARD_INCLUDING_64_BIT)";
				CLANG_CXX_LANGUAGE_STANDARD = "gnu++0x";
				CLANG_CXX_LIBRARY = "libc++";
				CLANG_ENABLE_MODULES = YES;
				CLANG_ENABLE_OBJC_ARC = YES;
				CLANG_WARN_BOOL_CONVERSION = YES;
				CLANG_WARN_CONSTANT_CONVERSION = YES;
				CLANG_WARN_DIRECT_OBJC_ISA_USAGE = YES_ERROR;
				CLANG_WARN_EMPTY_BODY = YES;
				CLANG_WARN_ENUM_CONVERSION = YES;
				CLANG_WARN_INT_CONVERSION = YES;
				CLANG_WARN_OBJC_ROOT_CLASS = YES_ERROR;
				CLANG_WARN__DUPLICATE_METHOD_MATCH = YES;
				CODE_SIGN_IDENTITY = "ios Developer";
				"CODE_SIGN_IDENTITY[sdk=iphoneos*]" = "ios Developer";
				COPY_PHASE_STRIP = NO;
				GCC_C_LANGUAGE_STANDARD = gnu99;
				GCC_DYNAMIC_NO_PIC = NO;
				GCC_OPTIMIZATION_LEVEL = 0;
				GCC_PREPROCESSOR_DEFINITIONS = (
					"DEBUG=1",
					"$(inherited)",
				);
				GCC_SYMBOLS_PRIVATE_EXTERN = NO;
				GCC_WARN_64_TO_32_BIT_CONVERSION = YES;
				GCC_WARN_ABOUT_RETURN_TYPE = YES_ERROR;
				GCC_WARN_UNDECLARED_SELECTOR = YES;
				GCC_WARN_UNINITIALIZED_AUTOS = YES;
				GCC_WARN_UNUSED_FUNCTION = YES;
				GCC_WARN_UNUSED_VARIABLE = YES;
				IPHONEOS_DEPLOYMENT_TARGET = 7.0;
				ONLY_ACTIVE_ARCH = YES;
				OTHER_LDFLAGS = "";
				SDKROOT = iphoneos;
				TARGETED_DEVICE_FAMILY = "1,2";
			};
			name = Debug;
		};
		10FD4A7C18D9333700FBD4B4 /* Release */ = {
			isa = XCBuildConfiguration;
			buildSettings = {
				ALWAYS_SEARCH_USER_PATHS = NO;
				ARCHS = "$(ARCHS_STANDARD_INCLUDING_64_BIT)";
				CLANG_CXX_LANGUAGE_STANDARD = "gnu++0x";
				CLANG_CXX_LIBRARY = "libc++";
				CLANG_ENABLE_MODULES = YES;
				CLANG_ENABLE_OBJC_ARC = YES;
				CLANG_WARN_BOOL_CONVERSION = YES;
				CLANG_WARN_CONSTANT_CONVERSION = YES;
				CLANG_WARN_DIRECT_OBJC_ISA_USAGE = YES_ERROR;
				CLANG_WARN_EMPTY_BODY = YES;
				CLANG_WARN_ENUM_CONVERSION = YES;
				CLANG_WARN_INT_CONVERSION = YES;
				CLANG_WARN_OBJC_ROOT_CLASS = YES_ERROR;
				CLANG_WARN__DUPLICATE_METHOD_MATCH = YES;
				CODE_SIGN_IDENTITY = "ios Developer";
				"CODE_SIGN_IDENTITY[sdk=iphoneos*]" = "ios Developer";
				COPY_PHASE_STRIP = YES;
				ENABLE_NS_ASSERTIONS = NO;
				GCC_C_LANGUAGE_STANDARD = gnu99;
				GCC_WARN_64_TO_32_BIT_CONVERSION = YES;
				GCC_WARN_ABOUT_RETURN_TYPE = YES_ERROR;
				GCC_WARN_UNDECLARED_SELECTOR = YES;
				GCC_WARN_UNINITIALIZED_AUTOS = YES;
				GCC_WARN_UNUSED_FUNCTION = YES;
				GCC_WARN_UNUSED_VARIABLE = YES;
				IPHONEOS_DEPLOYMENT_TARGET = 7.0;
				OTHER_LDFLAGS = "";
				SDKROOT = iphoneos;
				TARGETED_DEVICE_FAMILY = "1,2";
				VALIDATE_PRODUCT = YES;
			};
			name = Release;
		};
		10FD4A7E18D9333700FBD4B4 /* Debug */ = {
			isa = XCBuildConfiguration;
			buildSettings = {
				ASSETCATALOG_COMPILER_APPICON_NAME = AppIcon;
				ASSETCATALOG_COMPILER_LAUNCHIMAGE_NAME = LaunchImage;
				CODE_SIGN_IDENTITY = "";
				FRAMEWORK_SEARCH_PATHS = (
					"$(inherited)",
					/Users/ty/Desktop/Traveller/Traveller,
					/Volumes/1/Traveller/Traveller,
				);
				GCC_PRECOMPILE_PREFIX_HEADER = YES;
				GCC_PREFIX_HEADER = "Traveller/Traveller-Prefix.pch";
				INFOPLIST_FILE = "Traveller/Traveller-Info.plist";
				OTHER_LDFLAGS = "-ObjC";
				PRODUCT_NAME = "$(TARGET_NAME)";
				WRAPPER_EXTENSION = app;
			};
			name = Debug;
		};
		10FD4A7F18D9333700FBD4B4 /* Release */ = {
			isa = XCBuildConfiguration;
			buildSettings = {
				ASSETCATALOG_COMPILER_APPICON_NAME = AppIcon;
				ASSETCATALOG_COMPILER_LAUNCHIMAGE_NAME = LaunchImage;
				CODE_SIGN_IDENTITY = "";
				"CODE_SIGN_IDENTITY[sdk=iphoneos*]" = "";
				FRAMEWORK_SEARCH_PATHS = (
					"$(inherited)",
					/Users/ty/Desktop/Traveller/Traveller,
					/Volumes/1/Traveller/Traveller,
				);
				GCC_PRECOMPILE_PREFIX_HEADER = YES;
				GCC_PREFIX_HEADER = "Traveller/Traveller-Prefix.pch";
				INFOPLIST_FILE = "Traveller/Traveller-Info.plist";
				OTHER_LDFLAGS = "-ObjC";
				PRODUCT_NAME = "$(TARGET_NAME)";
				WRAPPER_EXTENSION = app;
			};
			name = Release;
		};
		10FD4A8118D9333700FBD4B4 /* Debug */ = {
			isa = XCBuildConfiguration;
			buildSettings = {
				ARCHS = "$(ARCHS_STANDARD_INCLUDING_64_BIT)";
				BUNDLE_LOADER = "$(BUILT_PRODUCTS_DIR)/Traveller.app/Traveller";
				FRAMEWORK_SEARCH_PATHS = (
					"$(SDKROOT)/Developer/Library/Frameworks",
					"$(inherited)",
					"$(DEVELOPER_FRAMEWORKS_DIR)",
				);
				GCC_PRECOMPILE_PREFIX_HEADER = YES;
				GCC_PREFIX_HEADER = "Traveller/Traveller-Prefix.pch";
				GCC_PREPROCESSOR_DEFINITIONS = (
					"DEBUG=1",
					"$(inherited)",
				);
				INFOPLIST_FILE = "TravellerTests/TravellerTests-Info.plist";
				PRODUCT_NAME = "$(TARGET_NAME)";
				TEST_HOST = "$(BUNDLE_LOADER)";
				WRAPPER_EXTENSION = xctest;
			};
			name = Debug;
		};
		10FD4A8218D9333700FBD4B4 /* Release */ = {
			isa = XCBuildConfiguration;
			buildSettings = {
				ARCHS = "$(ARCHS_STANDARD_INCLUDING_64_BIT)";
				BUNDLE_LOADER = "$(BUILT_PRODUCTS_DIR)/Traveller.app/Traveller";
				FRAMEWORK_SEARCH_PATHS = (
					"$(SDKROOT)/Developer/Library/Frameworks",
					"$(inherited)",
					"$(DEVELOPER_FRAMEWORKS_DIR)",
				);
				GCC_PRECOMPILE_PREFIX_HEADER = YES;
				GCC_PREFIX_HEADER = "Traveller/Traveller-Prefix.pch";
				INFOPLIST_FILE = "TravellerTests/TravellerTests-Info.plist";
				PRODUCT_NAME = "$(TARGET_NAME)";
				TEST_HOST = "$(BUNDLE_LOADER)";
				WRAPPER_EXTENSION = xctest;
			};
			name = Release;
		};
/* End XCBuildConfiguration section */

/* Begin XCConfigurationList section */
		10FD4A4C18D9333600FBD4B4 /* Build configuration list for PBXProject "Traveller" */ = {
			isa = XCConfigurationList;
			buildConfigurations = (
				10FD4A7B18D9333700FBD4B4 /* Debug */,
				10FD4A7C18D9333700FBD4B4 /* Release */,
			);
			defaultConfigurationIsVisible = 0;
			defaultConfigurationName = Release;
		};
		10FD4A7D18D9333700FBD4B4 /* Build configuration list for PBXNativeTarget "Traveller" */ = {
			isa = XCConfigurationList;
			buildConfigurations = (
				10FD4A7E18D9333700FBD4B4 /* Debug */,
				10FD4A7F18D9333700FBD4B4 /* Release */,
			);
			defaultConfigurationIsVisible = 0;
			defaultConfigurationName = Release;
		};
		10FD4A8018D9333700FBD4B4 /* Build configuration list for PBXNativeTarget "TravellerTests" */ = {
			isa = XCConfigurationList;
			buildConfigurations = (
				10FD4A8118D9333700FBD4B4 /* Debug */,
				10FD4A8218D9333700FBD4B4 /* Release */,
			);
			defaultConfigurationIsVisible = 0;
			defaultConfigurationName = Release;
		};
/* End XCConfigurationList section */
	};
	rootObject = 10FD4A4918D9333600FBD4B4 /* Project object */;
}
