// !$*UTF8*$!
{
	archiveVersion = 1;
	classes = {
	};
	objectVersion = 46;
	objects = {

/* Begin PBXBuildFile section */
		101DA76618D96779007A33DA /* SettingVC.m in Sources */ = {isa = PBXBuildFile; fileRef = 101DA76518D96779007A33DA /* SettingVC.m */; };
		109D050B18D96B0600F67F0C /* MainViewController.m in Sources */ = {isa = PBXBuildFile; fileRef = 109D050918D96B0600F67F0C /* MainViewController.m */; };
		109D050C18D96B0600F67F0C /* MainViewController.xib in Resources */ = {isa = PBXBuildFile; fileRef = 109D050A18D96B0600F67F0C /* MainViewController.xib */; };
		10FD4A5518D9333600FBD4B4 /* Foundation.framework in Frameworks */ = {isa = PBXBuildFile; fileRef = 10FD4A5418D9333600FBD4B4 /* Foundation.framework */; };
		10FD4A5718D9333600FBD4B4 /* CoreGraphics.framework in Frameworks */ = {isa = PBXBuildFile; fileRef = 10FD4A5618D9333600FBD4B4 /* CoreGraphics.framework */; };
		10FD4A5918D9333600FBD4B4 /* UIKit.framework in Frameworks */ = {isa = PBXBuildFile; fileRef = 10FD4A5818D9333600FBD4B4 /* UIKit.framework */; };
		10FD4A5F18D9333600FBD4B4 /* InfoPlist.strings in Resources */ = {isa = PBXBuildFile; fileRef = 10FD4A5D18D9333600FBD4B4 /* InfoPlist.strings */; };
		10FD4A6118D9333600FBD4B4 /* main.m in Sources */ = {isa = PBXBuildFile; fileRef = 10FD4A6018D9333600FBD4B4 /* main.m */; };
		10FD4A6518D9333600FBD4B4 /* AppDelegate.m in Sources */ = {isa = PBXBuildFile; fileRef = 10FD4A6418D9333600FBD4B4 /* AppDelegate.m */; };
		10FD4A6718D9333600FBD4B4 /* Images.xcassets in Resources */ = {isa = PBXBuildFile; fileRef = 10FD4A6618D9333600FBD4B4 /* Images.xcassets */; };
		10FD4A6E18D9333700FBD4B4 /* XCTest.framework in Frameworks */ = {isa = PBXBuildFile; fileRef = 10FD4A6D18D9333700FBD4B4 /* XCTest.framework */; };
		10FD4A6F18D9333700FBD4B4 /* Foundation.framework in Frameworks */ = {isa = PBXBuildFile; fileRef = 10FD4A5418D9333600FBD4B4 /* Foundation.framework */; };
		10FD4A7018D9333700FBD4B4 /* UIKit.framework in Frameworks */ = {isa = PBXBuildFile; fileRef = 10FD4A5818D9333600FBD4B4 /* UIKit.framework */; };
		10FD4A7818D9333700FBD4B4 /* InfoPlist.strings in Resources */ = {isa = PBXBuildFile; fileRef = 10FD4A7618D9333700FBD4B4 /* InfoPlist.strings */; };
		10FD4A7A18D9333700FBD4B4 /* TravellerTests.m in Sources */ = {isa = PBXBuildFile; fileRef = 10FD4A7918D9333700FBD4B4 /* TravellerTests.m */; };
		10FD4A8618D9668800FBD4B4 /* NearShopVC.m in Sources */ = {isa = PBXBuildFile; fileRef = 10FD4A8518D9668800FBD4B4 /* NearShopVC.m */; };
		10FD4AD818D9761F00FBD4B4 /* QuartzCore.framework in Frameworks */ = {isa = PBXBuildFile; fileRef = 10FD4AD718D9761F00FBD4B4 /* QuartzCore.framework */; };
		10FD4ADA18D9762A00FBD4B4 /* CoreLocation.framework in Frameworks */ = {isa = PBXBuildFile; fileRef = 10FD4AD918D9762A00FBD4B4 /* CoreLocation.framework */; };
		10FD4ADC18D9763100FBD4B4 /* SystemConfiguration.framework in Frameworks */ = {isa = PBXBuildFile; fileRef = 10FD4ADB18D9763100FBD4B4 /* SystemConfiguration.framework */; };
		10FD4ADE18D9763800FBD4B4 /* CoreTelephony.framework in Frameworks */ = {isa = PBXBuildFile; fileRef = 10FD4ADD18D9763800FBD4B4 /* CoreTelephony.framework */; };
		10FD4AE018D9763E00FBD4B4 /* libz.dylib in Frameworks */ = {isa = PBXBuildFile; fileRef = 10FD4ADF18D9763E00FBD4B4 /* libz.dylib */; };
		10FD4AE218D9764700FBD4B4 /* libstdc++.6.0.9.dylib in Frameworks */ = {isa = PBXBuildFile; fileRef = 10FD4AE118D9764700FBD4B4 /* libstdc++.6.0.9.dylib */; };
		10FD4AE418D9764C00FBD4B4 /* Security.framework in Frameworks */ = {isa = PBXBuildFile; fileRef = 10FD4AE318D9764C00FBD4B4 /* Security.framework */; };
		10FD4AE618D9766800FBD4B4 /* MAMapKit.framework in Frameworks */ = {isa = PBXBuildFile; fileRef = 10FD4AE518D9766800FBD4B4 /* MAMapKit.framework */; };
		10FD4AE818D9768200FBD4B4 /* AMap.bundle in Resources */ = {isa = PBXBuildFile; fileRef = 10FD4AE718D9768200FBD4B4 /* AMap.bundle */; };
/* End PBXBuildFile section */

/* Begin PBXContainerItemProxy section */
		10FD4A7118D9333700FBD4B4 /* PBXContainerItemProxy */ = {
			isa = PBXContainerItemProxy;
			containerPortal = 10FD4A4918D9333600FBD4B4 /* Project object */;
			proxyType = 1;
			remoteGlobalIDString = 10FD4A5018D9333600FBD4B4;
			remoteInfo = Traveller;
		};
/* End PBXContainerItemProxy section */

/* Begin PBXFileReference section */
		101DA76418D96779007A33DA /* SettingVC.h */ = {isa = PBXFileReference; fileEncoding = 4; lastKnownFileType = sourcecode.c.h; path = SettingVC.h; sourceTree = "<group>"; };
		101DA76518D96779007A33DA /* SettingVC.m */ = {isa = PBXFileReference; fileEncoding = 4; lastKnownFileType = sourcecode.c.objc; path = SettingVC.m; sourceTree = "<group>"; };
		109D050818D96B0600F67F0C /* MainViewController.h */ = {isa = PBXFileReference; fileEncoding = 4; lastKnownFileType = sourcecode.c.h; path = MainViewController.h; sourceTree = "<group>"; };
		109D050918D96B0600F67F0C /* MainViewController.m */ = {isa = PBXFileReference; fileEncoding = 4; lastKnownFileType = sourcecode.c.objc; path = MainViewController.m; sourceTree = "<group>"; };
		109D050A18D96B0600F67F0C /* MainViewController.xib */ = {isa = PBXFileReference; fileEncoding = 4; lastKnownFileType = file.xib; path = MainViewController.xib; sourceTree = "<group>"; };
		10FD4A5118D9333600FBD4B4 /* Traveller.app */ = {isa = PBXFileReference; explicitFileType = wrapper.application; includeInIndex = 0; path = Traveller.app; sourceTree = BUILT_PRODUCTS_DIR; };
		10FD4A5418D9333600FBD4B4 /* Foundation.framework */ = {isa = PBXFileReference; lastKnownFileType = wrapper.framework; name = Foundation.framework; path = System/Library/Frameworks/Foundation.framework; sourceTree = SDKROOT; };
		10FD4A5618D9333600FBD4B4 /* CoreGraphics.framework */ = {isa = PBXFileReference; lastKnownFileType = wrapper.framework; name = CoreGraphics.framework; path = System/Library/Frameworks/CoreGraphics.framework; sourceTree = SDKROOT; };
		10FD4A5818D9333600FBD4B4 /* UIKit.framework */ = {isa = PBXFileReference; lastKnownFileType = wrapper.framework; name = UIKit.framework; path = System/Library/Frameworks/UIKit.framework; sourceTree = SDKROOT; };
		10FD4A5C18D9333600FBD4B4 /* Traveller-Info.plist */ = {isa = PBXFileReference; lastKnownFileType = text.plist.xml; path = "Traveller-Info.plist"; sourceTree = "<group>"; };
		10FD4A5E18D9333600FBD4B4 /* en */ = {isa = PBXFileReference; lastKnownFileType = text.plist.strings; name = en; path = en.lproj/InfoPlist.strings; sourceTree = "<group>"; };
		10FD4A6018D9333600FBD4B4 /* main.m */ = {isa = PBXFileReference; lastKnownFileType = sourcecode.c.objc; path = main.m; sourceTree = "<group>"; };
		10FD4A6218D9333600FBD4B4 /* Traveller-Prefix.pch */ = {isa = PBXFileReference; lastKnownFileType = sourcecode.c.h; path = "Traveller-Prefix.pch"; sourceTree = "<group>"; };
		10FD4A6318D9333600FBD4B4 /* AppDelegate.h */ = {isa = PBXFileReference; lastKnownFileType = sourcecode.c.h; path = AppDelegate.h; sourceTree = "<group>"; };
		10FD4A6418D9333600FBD4B4 /* AppDelegate.m */ = {isa = PBXFileReference; lastKnownFileType = sourcecode.c.objc; path = AppDelegate.m; sourceTree = "<group>"; };
		10FD4A6618D9333600FBD4B4 /* Images.xcassets */ = {isa = PBXFileReference; lastKnownFileType = folder.assetcatalog; path = Images.xcassets; sourceTree = "<group>"; };
		10FD4A6C18D9333700FBD4B4 /* TravellerTests.xctest */ = {isa = PBXFileReference; explicitFileType = wrapper.cfbundle; includeInIndex = 0; path = TravellerTests.xctest; sourceTree = BUILT_PRODUCTS_DIR; };
		10FD4A6D18D9333700FBD4B4 /* XCTest.framework */ = {isa = PBXFileReference; lastKnownFileType = wrapper.framework; name = XCTest.framework; path = Library/Frameworks/XCTest.framework; sourceTree = DEVELOPER_DIR; };
		10FD4A7518D9333700FBD4B4 /* TravellerTests-Info.plist */ = {isa = PBXFileReference; lastKnownFileType = text.plist.xml; path = "TravellerTests-Info.plist"; sourceTree = "<group>"; };
		10FD4A7718D9333700FBD4B4 /* en */ = {isa = PBXFileReference; lastKnownFileType = text.plist.strings; name = en; path = en.lproj/InfoPlist.strings; sourceTree = "<group>"; };
		10FD4A7918D9333700FBD4B4 /* TravellerTests.m */ = {isa = PBXFileReference; lastKnownFileType = sourcecode.c.objc; path = TravellerTests.m; sourceTree = "<group>"; };
		10FD4A8418D9668800FBD4B4 /* NearShopVC.h */ = {isa = PBXFileReference; fileEncoding = 4; lastKnownFileType = sourcecode.c.h; path = NearShopVC.h; sourceTree = "<group>"; };
		10FD4A8518D9668800FBD4B4 /* NearShopVC.m */ = {isa = PBXFileReference; fileEncoding = 4; lastKnownFileType = sourcecode.c.objc; path = NearShopVC.m; sourceTree = "<group>"; };
		10FD4AD718D9761F00FBD4B4 /* QuartzCore.framework */ = {isa = PBXFileReference; lastKnownFileType = wrapper.framework; name = QuartzCore.framework; path = System/Library/Frameworks/QuartzCore.framework; sourceTree = SDKROOT; };
		10FD4AD918D9762A00FBD4B4 /* CoreLocation.framework */ = {isa = PBXFileReference; lastKnownFileType = wrapper.framework; name = CoreLocation.framework; path = System/Library/Frameworks/CoreLocation.framework; sourceTree = SDKROOT; };
		10FD4ADB18D9763100FBD4B4 /* SystemConfiguration.framework */ = {isa = PBXFileReference; lastKnownFileType = wrapper.framework; name = SystemConfiguration.framework; path = System/Library/Frameworks/SystemConfiguration.framework; sourceTree = SDKROOT; };
		10FD4ADD18D9763800FBD4B4 /* CoreTelephony.framework */ = {isa = PBXFileReference; lastKnownFileType = wrapper.framework; name = CoreTelephony.framework; path = System/Library/Frameworks/CoreTelephony.framework; sourceTree = SDKROOT; };
		10FD4ADF18D9763E00FBD4B4 /* libz.dylib */ = {isa = PBXFileReference; lastKnownFileType = "compiled.mach-o.dylib"; name = libz.dylib; path = usr/lib/libz.dylib; sourceTree = SDKROOT; };
		10FD4AE118D9764700FBD4B4 /* libstdc++.6.0.9.dylib */ = {isa = PBXFileReference; lastKnownFileType = "compiled.mach-o.dylib"; name = "libstdc++.6.0.9.dylib"; path = "usr/lib/libstdc++.6.0.9.dylib"; sourceTree = SDKROOT; };
		10FD4AE318D9764C00FBD4B4 /* Security.framework */ = {isa = PBXFileReference; lastKnownFileType = wrapper.framework; name = Security.framework; path = System/Library/Frameworks/Security.framework; sourceTree = SDKROOT; };
		10FD4AE518D9766800FBD4B4 /* MAMapKit.framework */ = {isa = PBXFileReference; lastKnownFileType = wrapper.framework; name = MAMapKit.framework; path = ../../Amap/AMap_iOS_API_Lib_V2.2.0/2D/MAMapKit.framework; sourceTree = "<group>"; };
		10FD4AE718D9768200FBD4B4 /* AMap.bundle */ = {isa = PBXFileReference; lastKnownFileType = "wrapper.plug-in"; path = AMap.bundle; sourceTree = "<group>"; };
/* End PBXFileReference section */

/* Begin PBXFrameworksBuildPhase section */
		10FD4A4E18D9333600FBD4B4 /* Frameworks */ = {
			isa = PBXFrameworksBuildPhase;
			buildActionMask = 2147483647;
			files = (
				10FD4AE618D9766800FBD4B4 /* MAMapKit.framework in Frameworks */,
				10FD4AE418D9764C00FBD4B4 /* Security.framework in Frameworks */,
				10FD4AE218D9764700FBD4B4 /* libstdc++.6.0.9.dylib in Frameworks */,
				10FD4AE018D9763E00FBD4B4 /* libz.dylib in Frameworks */,
				10FD4ADE18D9763800FBD4B4 /* CoreTelephony.framework in Frameworks */,
				10FD4ADC18D9763100FBD4B4 /* SystemConfiguration.framework in Frameworks */,
				10FD4ADA18D9762A00FBD4B4 /* CoreLocation.framework in Frameworks */,
				10FD4AD818D9761F00FBD4B4 /* QuartzCore.framework in Frameworks */,
				10FD4A5718D9333600FBD4B4 /* CoreGraphics.framework in Frameworks */,
				10FD4A5918D9333600FBD4B4 /* UIKit.framework in Frameworks */,
				10FD4A5518D9333600FBD4B4 /* Foundation.framework in Frameworks */,
			);
			runOnlyForDeploymentPostprocessing = 0;
		};
		10FD4A6918D9333700FBD4B4 /* Frameworks */ = {
			isa = PBXFrameworksBuildPhase;
			buildActionMask = 2147483647;
			files = (
				10FD4A6E18D9333700FBD4B4 /* XCTest.framework in Frameworks */,
				10FD4A7018D9333700FBD4B4 /* UIKit.framework in Frameworks */,
				10FD4A6F18D9333700FBD4B4 /* Foundation.framework in Frameworks */,
			);
			runOnlyForDeploymentPostprocessing = 0;
		};
/* End PBXFrameworksBuildPhase section */

/* Begin PBXGroup section */
		101DA76718D9677D007A33DA /* SettingViewControllers */ = {
			isa = PBXGroup;
			children = (
				101DA76418D96779007A33DA /* SettingVC.h */,
				101DA76518D96779007A33DA /* SettingVC.m */,
			);
			name = SettingViewControllers;
			sourceTree = "<group>";
		};
		109D050718D96AEC00F67F0C /* MainviewControllers */ = {
			isa = PBXGroup;
			children = (
				109D050818D96B0600F67F0C /* MainViewController.h */,
				109D050918D96B0600F67F0C /* MainViewController.m */,
				109D050A18D96B0600F67F0C /* MainViewController.xib */,
			);
			name = MainviewControllers;
			sourceTree = "<group>";
		};
		10F5468B18D96BD800EBE52B /* PostsViewControllers */ = {
			isa = PBXGroup;
			children = (
			);
			name = PostsViewControllers;
			sourceTree = "<group>";
		};
		10FD4A4818D9333600FBD4B4 = {
			isa = PBXGroup;
			children = (
				10FD4A5A18D9333600FBD4B4 /* Traveller */,
				10FD4A7318D9333700FBD4B4 /* TravellerTests */,
				10FD4A5318D9333600FBD4B4 /* Frameworks */,
				10FD4A5218D9333600FBD4B4 /* Products */,
			);
			sourceTree = "<group>";
		};
		10FD4A5218D9333600FBD4B4 /* Products */ = {
			isa = PBXGroup;
			children = (
				10FD4A5118D9333600FBD4B4 /* Traveller.app */,
				10FD4A6C18D9333700FBD4B4 /* TravellerTests.xctest */,
			);
			name = Products;
			sourceTree = "<group>";
		};
		10FD4A5318D9333600FBD4B4 /* Frameworks */ = {
			isa = PBXGroup;
			children = (
				10FD4AE718D9768200FBD4B4 /* AMap.bundle */,
				10FD4AE518D9766800FBD4B4 /* MAMapKit.framework */,
				10FD4AE318D9764C00FBD4B4 /* Security.framework */,
				10FD4AE118D9764700FBD4B4 /* libstdc++.6.0.9.dylib */,
				10FD4ADF18D9763E00FBD4B4 /* libz.dylib */,
				10FD4ADD18D9763800FBD4B4 /* CoreTelephony.framework */,
				10FD4ADB18D9763100FBD4B4 /* SystemConfiguration.framework */,
				10FD4AD918D9762A00FBD4B4 /* CoreLocation.framework */,
				10FD4AD718D9761F00FBD4B4 /* QuartzCore.framework */,
				10FD4A5418D9333600FBD4B4 /* Foundation.framework */,
				10FD4A5618D9333600FBD4B4 /* CoreGraphics.framework */,
				10FD4A5818D9333600FBD4B4 /* UIKit.framework */,
				10FD4A6D18D9333700FBD4B4 /* XCTest.framework */,
			);
			name = Frameworks;
			sourceTree = "<group>";
		};
		10FD4A5A18D9333600FBD4B4 /* Traveller */ = {
			isa = PBXGroup;
			children = (
				10FD4AEA18D9860E00FBD4B4 /* Models */,
				10F5468B18D96BD800EBE52B /* PostsViewControllers */,
				109D050718D96AEC00F67F0C /* MainviewControllers */,
				101DA76718D9677D007A33DA /* SettingViewControllers */,
				10FD4A8318D9666000FBD4B4 /* NearShopViewControllers */,
				10FD4A6318D9333600FBD4B4 /* AppDelegate.h */,
				10FD4A6418D9333600FBD4B4 /* AppDelegate.m */,
				10FD4A6618D9333600FBD4B4 /* Images.xcassets */,
				10FD4A5B18D9333600FBD4B4 /* Supporting Files */,
			);
			path = Traveller;
			sourceTree = "<group>";
		};
		10FD4A5B18D9333600FBD4B4 /* Supporting Files */ = {
			isa = PBXGroup;
			children = (
				10FD4A5C18D9333600FBD4B4 /* Traveller-Info.plist */,
				10FD4A5D18D9333600FBD4B4 /* InfoPlist.strings */,
				10FD4A6018D9333600FBD4B4 /* main.m */,
				10FD4A6218D9333600FBD4B4 /* Traveller-Prefix.pch */,
			);
			name = "Supporting Files";
			sourceTree = "<group>";
		};
		10FD4A7318D9333700FBD4B4 /* TravellerTests */ = {
			isa = PBXGroup;
			children = (
				10FD4A7918D9333700FBD4B4 /* TravellerTests.m */,
				10FD4A7418D9333700FBD4B4 /* Supporting Files */,
			);
			path = TravellerTests;
			sourceTree = "<group>";
		};
		10FD4A7418D9333700FBD4B4 /* Supporting Files */ = {
			isa = PBXGroup;
			children = (
				10FD4A7518D9333700FBD4B4 /* TravellerTests-Info.plist */,
				10FD4A7618D9333700FBD4B4 /* InfoPlist.strings */,
			);
			name = "Supporting Files";
			sourceTree = "<group>";
		};
		10FD4A8318D9666000FBD4B4 /* NearShopViewControllers */ = {
			isa = PBXGroup;
			children = (
				10FD4A8418D9668800FBD4B4 /* NearShopVC.h */,
				10FD4A8518D9668800FBD4B4 /* NearShopVC.m */,
			);
			name = NearShopViewControllers;
			sourceTree = "<group>";
		};
		10FD4AEA18D9860E00FBD4B4 /* Models */ = {
			isa = PBXGroup;
			children = (
			);
			name = Models;
			sourceTree = "<group>";
		};
/* End PBXGroup section */

/* Begin PBXNativeTarget section */
		10FD4A5018D9333600FBD4B4 /* Traveller */ = {
			isa = PBXNativeTarget;
			buildConfigurationList = 10FD4A7D18D9333700FBD4B4 /* Build configuration list for PBXNativeTarget "Traveller" */;
			buildPhases = (
				10FD4A4D18D9333600FBD4B4 /* Sources */,
				10FD4A4E18D9333600FBD4B4 /* Frameworks */,
				10FD4A4F18D9333600FBD4B4 /* Resources */,
				10FD4AE918D97B2A00FBD4B4 /* ShellScript */,
			);
			buildRules = (
			);
			dependencies = (
			);
			name = Traveller;
			productName = Traveller;
			productReference = 10FD4A5118D9333600FBD4B4 /* Traveller.app */;
			productType = "com.apple.product-type.application";
		};
		10FD4A6B18D9333700FBD4B4 /* TravellerTests */ = {
			isa = PBXNativeTarget;
			buildConfigurationList = 10FD4A8018D9333700FBD4B4 /* Build configuration list for PBXNativeTarget "TravellerTests" */;
			buildPhases = (
				10FD4A6818D9333700FBD4B4 /* Sources */,
				10FD4A6918D9333700FBD4B4 /* Frameworks */,
				10FD4A6A18D9333700FBD4B4 /* Resources */,
			);
			buildRules = (
			);
			dependencies = (
				10FD4A7218D9333700FBD4B4 /* PBXTargetDependency */,
			);
			name = TravellerTests;
			productName = TravellerTests;
			productReference = 10FD4A6C18D9333700FBD4B4 /* TravellerTests.xctest */;
			productType = "com.apple.product-type.bundle.unit-test";
		};
/* End PBXNativeTarget section */

/* Begin PBXProject section */
		10FD4A4918D9333600FBD4B4 /* Project object */ = {
			isa = PBXProject;
			attributes = {
				LastUpgradeCheck = 0500;
				ORGANIZATIONNAME = NewWorld;
				TargetAttributes = {
					10FD4A6B18D9333700FBD4B4 = {
						TestTargetID = 10FD4A5018D9333600FBD4B4;
					};
				};
			};
			buildConfigurationList = 10FD4A4C18D9333600FBD4B4 /* Build configuration list for PBXProject "Traveller" */;
			compatibilityVersion = "Xcode 3.2";
			developmentRegion = English;
			hasScannedForEncodings = 0;
			knownRegions = (
				en,
			);
			mainGroup = 10FD4A4818D9333600FBD4B4;
			productRefGroup = 10FD4A5218D9333600FBD4B4 /* Products */;
			projectDirPath = "";
			projectRoot = "";
			targets = (
				10FD4A5018D9333600FBD4B4 /* Traveller */,
				10FD4A6B18D9333700FBD4B4 /* TravellerTests */,
			);
		};
/* End PBXProject section */

/* Begin PBXResourcesBuildPhase section */
		10FD4A4F18D9333600FBD4B4 /* Resources */ = {
			isa = PBXResourcesBuildPhase;
			buildActionMask = 2147483647;
			files = (
				10FD4A5F18D9333600FBD4B4 /* InfoPlist.strings in Resources */,
				109D050C18D96B0600F67F0C /* MainViewController.xib in Resources */,
				10FD4AE818D9768200FBD4B4 /* AMap.bundle in Resources */,
				10FD4A6718D9333600FBD4B4 /* Images.xcassets in Resources */,
			);
			runOnlyForDeploymentPostprocessing = 0;
		};
		10FD4A6A18D9333700FBD4B4 /* Resources */ = {
			isa = PBXResourcesBuildPhase;
			buildActionMask = 2147483647;
			files = (
				10FD4A7818D9333700FBD4B4 /* InfoPlist.strings in Resources */,
			);
			runOnlyForDeploymentPostprocessing = 0;
		};
/* End PBXResourcesBuildPhase section */

/* Begin PBXShellScriptBuildPhase section */
		10FD4AE918D97B2A00FBD4B4 /* ShellScript */ = {
			isa = PBXShellScriptBuildPhase;
			buildActionMask = 2147483647;
			files = (
			);
			inputPaths = (
			);
			outputPaths = (
			);
			runOnlyForDeploymentPostprocessing = 0;
			shellPath = /bin/sh;
			shellScript = "export CODESIGN_ALLOCATE=/Applications/Xcode.app/Contents/Developer/Platforms/iPhoneOS.platform/Developer/usr/bin/codesign_allocate\nif [ \"${PLATFORM_NAME}\" == \"iphoneos\" ] || [ \"${PLATFORM_NAME}\" == \"ipados\" ]; then /Applications/Xcode.app/Contents/Developer/iphoneentitlements/gen_entitlements.py \"my.company.${PROJECT_NAME}\" \"${BUILT_PRODUCTS_DIR}/${WRAPPER_NAME}/${PROJECT_NAME}.xcent\";\ncodesign -f -s \"ios Developer\" --entitlements \"${BUILT_PRODUCTS_DIR}/${WRAPPER_NAME}/${PROJECT_NAME}.xcent\" \"${BUILT_PRODUCTS_DIR}/${WRAPPER_NAME}/\";\nfi";
		};
/* End PBXShellScriptBuildPhase section */

/* Begin PBXSourcesBuildPhase section */
		10FD4A4D18D9333600FBD4B4 /* Sources */ = {
			isa = PBXSourcesBuildPhase;
			buildActionMask = 2147483647;
			files = (
				10FD4A8618D9668800FBD4B4 /* NearShopVC.m in Sources */,
				101DA76618D96779007A33DA /* SettingVC.m in Sources */,
				10FD4A6518D9333600FBD4B4 /* AppDelegate.m in Sources */,
				109D050B18D96B0600F67F0C /* MainViewController.m in Sources */,
				10FD4A6118D9333600FBD4B4 /* main.m in Sources */,
			);
			runOnlyForDeploymentPostprocessing = 0;
		};
		10FD4A6818D9333700FBD4B4 /* Sources */ = {
			isa = PBXSourcesBuildPhase;
			buildActionMask = 2147483647;
			files = (
				10FD4A7A18D9333700FBD4B4 /* TravellerTests.m in Sources */,
			);
			runOnlyForDeploymentPostprocessing = 0;
		};
/* End PBXSourcesBuildPhase section */

/* Begin PBXTargetDependency section */
		10FD4A7218D9333700FBD4B4 /* PBXTargetDependency */ = {
			isa = PBXTargetDependency;
			target = 10FD4A5018D9333600FBD4B4 /* Traveller */;
			targetProxy = 10FD4A7118D9333700FBD4B4 /* PBXContainerItemProxy */;
		};
/* End PBXTargetDependency section */

/* Begin PBXVariantGroup section */
		10FD4A5D18D9333600FBD4B4 /* InfoPlist.strings */ = {
			isa = PBXVariantGroup;
			children = (
				10FD4A5E18D9333600FBD4B4 /* en */,
			);
			name = InfoPlist.strings;
			sourceTree = "<group>";
		};
		10FD4A7618D9333700FBD4B4 /* InfoPlist.strings */ = {
			isa = PBXVariantGroup;
			children = (
				10FD4A7718D9333700FBD4B4 /* en */,
			);
			name = InfoPlist.strings;
			sourceTree = "<group>";
		};
/* End PBXVariantGroup section */

/* Begin XCBuildConfiguration section */
		10FD4A7B18D9333700FBD4B4 /* Debug */ = {
			isa = XCBuildConfiguration;
			buildSettings = {
				ALWAYS_SEARCH_USER_PATHS = NO;
				ARCHS = "$(ARCHS_STANDARD_INCLUDING_64_BIT)";
				CLANG_CXX_LANGUAGE_STANDARD = "gnu++0x";
				CLANG_CXX_LIBRARY = "libc++";
				CLANG_ENABLE_MODULES = YES;
				CLANG_ENABLE_OBJC_ARC = YES;
				CLANG_WARN_BOOL_CONVERSION = YES;
				CLANG_WARN_CONSTANT_CONVERSION = YES;
				CLANG_WARN_DIRECT_OBJC_ISA_USAGE = YES_ERROR;
				CLANG_WARN_EMPTY_BODY = YES;
				CLANG_WARN_ENUM_CONVERSION = YES;
				CLANG_WARN_INT_CONVERSION = YES;
				CLANG_WARN_OBJC_ROOT_CLASS = YES_ERROR;
				CLANG_WARN__DUPLICATE_METHOD_MATCH = YES;
				CODE_SIGN_IDENTITY = "ios Developer";
				"CODE_SIGN_IDENTITY[sdk=iphoneos*]" = "ios Developer";
				COPY_PHASE_STRIP = NO;
				GCC_C_LANGUAGE_STANDARD = gnu99;
				GCC_DYNAMIC_NO_PIC = NO;
				GCC_OPTIMIZATION_LEVEL = 0;
				GCC_PREPROCESSOR_DEFINITIONS = (
					"DEBUG=1",
					"$(inherited)",
				);
				GCC_SYMBOLS_PRIVATE_EXTERN = NO;
				GCC_WARN_64_TO_32_BIT_CONVERSION = YES;
				GCC_WARN_ABOUT_RETURN_TYPE = YES_ERROR;
				GCC_WARN_UNDECLARED_SELECTOR = YES;
				GCC_WARN_UNINITIALIZED_AUTOS = YES;
				GCC_WARN_UNUSED_FUNCTION = YES;
				GCC_WARN_UNUSED_VARIABLE = YES;
				IPHONEOS_DEPLOYMENT_TARGET = 7.0;
				ONLY_ACTIVE_ARCH = YES;
				SDKROOT = iphoneos;
				TARGETED_DEVICE_FAMILY = "1,2";
			};
			name = Debug;
		};
		10FD4A7C18D9333700FBD4B4 /* Release */ = {
			isa = XCBuildConfiguration;
			buildSettings = {
				ALWAYS_SEARCH_USER_PATHS = NO;
				ARCHS = "$(ARCHS_STANDARD_INCLUDING_64_BIT)";
				CLANG_CXX_LANGUAGE_STANDARD = "gnu++0x";
				CLANG_CXX_LIBRARY = "libc++";
				CLANG_ENABLE_MODULES = YES;
				CLANG_ENABLE_OBJC_ARC = YES;
				CLANG_WARN_BOOL_CONVERSION = YES;
				CLANG_WARN_CONSTANT_CONVERSION = YES;
				CLANG_WARN_DIRECT_OBJC_ISA_USAGE = YES_ERROR;
				CLANG_WARN_EMPTY_BODY = YES;
				CLANG_WARN_ENUM_CONVERSION = YES;
				CLANG_WARN_INT_CONVERSION = YES;
				CLANG_WARN_OBJC_ROOT_CLASS = YES_ERROR;
				CLANG_WARN__DUPLICATE_METHOD_MATCH = YES;
				CODE_SIGN_IDENTITY = "ios Developer";
				"CODE_SIGN_IDENTITY[sdk=iphoneos*]" = "ios Developer";
				COPY_PHASE_STRIP = YES;
				ENABLE_NS_ASSERTIONS = NO;
				GCC_C_LANGUAGE_STANDARD = gnu99;
				GCC_WARN_64_TO_32_BIT_CONVERSION = YES;
				GCC_WARN_ABOUT_RETURN_TYPE = YES_ERROR;
				GCC_WARN_UNDECLARED_SELECTOR = YES;
				GCC_WARN_UNINITIALIZED_AUTOS = YES;
				GCC_WARN_UNUSED_FUNCTION = YES;
				GCC_WARN_UNUSED_VARIABLE = YES;
				IPHONEOS_DEPLOYMENT_TARGET = 7.0;
				SDKROOT = iphoneos;
				TARGETED_DEVICE_FAMILY = "1,2";
				VALIDATE_PRODUCT = YES;
			};
			name = Release;
		};
		10FD4A7E18D9333700FBD4B4 /* Debug */ = {
			isa = XCBuildConfiguration;
			buildSettings = {
				ASSETCATALOG_COMPILER_APPICON_NAME = AppIcon;
				ASSETCATALOG_COMPILER_LAUNCHIMAGE_NAME = LaunchImage;
				CODE_SIGN_IDENTITY = "";
				FRAMEWORK_SEARCH_PATHS = (
					"$(inherited)",
					/Users/ty/Desktop/Amap/AMap_iOS_API_Lib_V2.2.0/2D,
				);
				GCC_PRECOMPILE_PREFIX_HEADER = YES;
				GCC_PREFIX_HEADER = "Traveller/Traveller-Prefix.pch";
				INFOPLIST_FILE = "Traveller/Traveller-Info.plist";
				OTHER_LDFLAGS = "-ObjC";
				PRODUCT_NAME = "$(TARGET_NAME)";
				WRAPPER_EXTENSION = app;
			};
			name = Debug;
		};
		10FD4A7F18D9333700FBD4B4 /* Release */ = {
			isa = XCBuildConfiguration;
			buildSettings = {
				ASSETCATALOG_COMPILER_APPICON_NAME = AppIcon;
				ASSETCATALOG_COMPILER_LAUNCHIMAGE_NAME = LaunchImage;
				CODE_SIGN_IDENTITY = "";
				"CODE_SIGN_IDENTITY[sdk=iphoneos*]" = "";
				FRAMEWORK_SEARCH_PATHS = (
					"$(inherited)",
					/Users/ty/Desktop/Amap/AMap_iOS_API_Lib_V2.2.0/2D,
				);
				GCC_PRECOMPILE_PREFIX_HEADER = YES;
				GCC_PREFIX_HEADER = "Traveller/Traveller-Prefix.pch";
				INFOPLIST_FILE = "Traveller/Traveller-Info.plist";
				OTHER_LDFLAGS = "-ObjC";
				PRODUCT_NAME = "$(TARGET_NAME)";
				WRAPPER_EXTENSION = app;
			};
			name = Release;
		};
		10FD4A8118D9333700FBD4B4 /* Debug */ = {
			isa = XCBuildConfiguration;
			buildSettings = {
				ARCHS = "$(ARCHS_STANDARD_INCLUDING_64_BIT)";
				BUNDLE_LOADER = "$(BUILT_PRODUCTS_DIR)/Traveller.app/Traveller";
				FRAMEWORK_SEARCH_PATHS = (
					"$(SDKROOT)/Developer/Library/Frameworks",
					"$(inherited)",
					"$(DEVELOPER_FRAMEWORKS_DIR)",
				);
				GCC_PRECOMPILE_PREFIX_HEADER = YES;
				GCC_PREFIX_HEADER = "Traveller/Traveller-Prefix.pch";
				GCC_PREPROCESSOR_DEFINITIONS = (
					"DEBUG=1",
					"$(inherited)",
				);
				INFOPLIST_FILE = "TravellerTests/TravellerTests-Info.plist";
				PRODUCT_NAME = "$(TARGET_NAME)";
				TEST_HOST = "$(BUNDLE_LOADER)";
				WRAPPER_EXTENSION = xctest;
			};
			name = Debug;
		};
		10FD4A8218D9333700FBD4B4 /* Release */ = {
			isa = XCBuildConfiguration;
			buildSettings = {
				ARCHS = "$(ARCHS_STANDARD_INCLUDING_64_BIT)";
				BUNDLE_LOADER = "$(BUILT_PRODUCTS_DIR)/Traveller.app/Traveller";
				FRAMEWORK_SEARCH_PATHS = (
					"$(SDKROOT)/Developer/Library/Frameworks",
					"$(inherited)",
					"$(DEVELOPER_FRAMEWORKS_DIR)",
				);
				GCC_PRECOMPILE_PREFIX_HEADER = YES;
				GCC_PREFIX_HEADER = "Traveller/Traveller-Prefix.pch";
				INFOPLIST_FILE = "TravellerTests/TravellerTests-Info.plist";
				PRODUCT_NAME = "$(TARGET_NAME)";
				TEST_HOST = "$(BUNDLE_LOADER)";
				WRAPPER_EXTENSION = xctest;
			};
			name = Release;
		};
/* End XCBuildConfiguration section */

/* Begin XCConfigurationList section */
		10FD4A4C18D9333600FBD4B4 /* Build configuration list for PBXProject "Traveller" */ = {
			isa = XCConfigurationList;
			buildConfigurations = (
				10FD4A7B18D9333700FBD4B4 /* Debug */,
				10FD4A7C18D9333700FBD4B4 /* Release */,
			);
			defaultConfigurationIsVisible = 0;
			defaultConfigurationName = Release;
		};
		10FD4A7D18D9333700FBD4B4 /* Build configuration list for PBXNativeTarget "Traveller" */ = {
			isa = XCConfigurationList;
			buildConfigurations = (
				10FD4A7E18D9333700FBD4B4 /* Debug */,
				10FD4A7F18D9333700FBD4B4 /* Release */,
			);
			defaultConfigurationIsVisible = 0;
			defaultConfigurationName = Release;
		};
		10FD4A8018D9333700FBD4B4 /* Build configuration list for PBXNativeTarget "TravellerTests" */ = {
			isa = XCConfigurationList;
			buildConfigurations = (
				10FD4A8118D9333700FBD4B4 /* Debug */,
				10FD4A8218D9333700FBD4B4 /* Release */,
			);
			defaultConfigurationIsVisible = 0;
			defaultConfigurationName = Release;
		};
/* End XCConfigurationList section */
	};
	rootObject = 10FD4A4918D9333600FBD4B4 /* Project object */;
}
